PODS:
  - Alamofire (5.0.0-rc.3)
  - Moya (14.0.0-beta.5):
    - Moya/Core (= 14.0.0-beta.5)
  - Moya/Core (14.0.0-beta.5):
    - Alamofire (= 5.0.0-rc.3)
  - Nimble (8.0.1)
  - ObjectMapper (3.4.2)
  - Quick (2.0.0)
  - SnapKit (4.0.1)

DEPENDENCIES:
  - Moya (= 14.0.0-beta.5)
  - Nimble
  - ObjectMapper (~> 3.4)
  - Quick
  - SnapKit (~> 4.0.0)

SPEC REPOS:
  https://github.com/CocoaPods/Specs.git:
    - Alamofire
    - Moya
    - Nimble
    - ObjectMapper
    - Quick
    - SnapKit

SPEC CHECKSUMS:
  Alamofire: ca8c0de6906873be89d6deec5c8de279e00bf872
  Moya: 2c16c3fe92eda302070213452281b59198f946d8
  Nimble: 45f786ae66faa9a709624227fae502db55a8bdd0
  ObjectMapper: 0d4402610f4e468903ae64629eec4784531e5c51
  Quick: ce1276c7c27ba2da3cb2fd0cde053c3648b3b22d
  SnapKit: 0de968a9fec17499afa29683b05d0c775b6d1c29

PODFILE CHECKSUM: 1a57c57eff573d7f7c838eae0b937317867a1e20

COCOAPODS: 1.8.4
