// !$*UTF8*$!
{
	archiveVersion = 1;
	classes = {
	};
	objectVersion = 50;
	objects = {

/* Begin PBXBuildFile section */
		9C1C9622225F590F0055EE46 /* ThemeBuilder.swift in Sources */ = {isa = PBXBuildFile; fileRef = 9C1C9621225F590F0055EE46 /* ThemeBuilder.swift */; };
		9C1C9624225F5C550055EE46 /* ThemeUpdatable.swift in Sources */ = {isa = PBXBuildFile; fileRef = 9C1C9623225F5C550055EE46 /* ThemeUpdatable.swift */; };
		9C3E6255226F8D4900C7DF40 /* TempTest.swift in Sources */ = {isa = PBXBuildFile; fileRef = 9C3E6254226F8D4800C7DF40 /* TempTest.swift */; };
		9C415BFC2260868300658A2B /* CircularFillAnimation.swift in Sources */ = {isa = PBXBuildFile; fileRef = 9C415BFB2260868300658A2B /* CircularFillAnimation.swift */; };
		9C415BFE226086B100658A2B /* Animation.swift in Sources */ = {isa = PBXBuildFile; fileRef = 9C415BFD226086B100658A2B /* Animation.swift */; };
		9C452FAE2242DAEF00924FA5 /* CartContract.swift in Sources */ = {isa = PBXBuildFile; fileRef = 9C452FAD2242DAEF00924FA5 /* CartContract.swift */; };
		9C452FB02242DAF800924FA5 /* CartComponent.swift in Sources */ = {isa = PBXBuildFile; fileRef = 9C452FAF2242DAF800924FA5 /* CartComponent.swift */; };
		9C452FB22242DB0000924FA5 /* CartBuilder.swift in Sources */ = {isa = PBXBuildFile; fileRef = 9C452FB12242DB0000924FA5 /* CartBuilder.swift */; };
		9C452FB42242DB0700924FA5 /* CartScene.swift in Sources */ = {isa = PBXBuildFile; fileRef = 9C452FB32242DB0700924FA5 /* CartScene.swift */; };
		9C452FB62242DB0F00924FA5 /* CartCoordinator.swift in Sources */ = {isa = PBXBuildFile; fileRef = 9C452FB52242DB0F00924FA5 /* CartCoordinator.swift */; };
		9C452FB82242DB1500924FA5 /* CartView.swift in Sources */ = {isa = PBXBuildFile; fileRef = 9C452FB72242DB1500924FA5 /* CartView.swift */; };
		9C452FBA2242DB1E00924FA5 /* CartPresenter.swift in Sources */ = {isa = PBXBuildFile; fileRef = 9C452FB92242DB1E00924FA5 /* CartPresenter.swift */; };
		9C452FBD2242E07F00924FA5 /* CartTableViewCell.swift in Sources */ = {isa = PBXBuildFile; fileRef = 9C452FBC2242E07F00924FA5 /* CartTableViewCell.swift */; };
		9C452FBF2242E08B00924FA5 /* CartTableViewDataSource.swift in Sources */ = {isa = PBXBuildFile; fileRef = 9C452FBE2242E08B00924FA5 /* CartTableViewDataSource.swift */; };
		9C56E0FC225A747100E72428 /* Color.swift in Sources */ = {isa = PBXBuildFile; fileRef = 9C56E0FB225A747100E72428 /* Color.swift */; };
		9C56E0FE225A76B100E72428 /* ThemeType.swift in Sources */ = {isa = PBXBuildFile; fileRef = 9C56E0FD225A76B100E72428 /* ThemeType.swift */; };
		9C56E101225A93C000E72428 /* ThemeSettingsContract.swift in Sources */ = {isa = PBXBuildFile; fileRef = 9C56E100225A93C000E72428 /* ThemeSettingsContract.swift */; };
		9C56E103225A93C700E72428 /* ThemeSettingsComponent.swift in Sources */ = {isa = PBXBuildFile; fileRef = 9C56E102225A93C700E72428 /* ThemeSettingsComponent.swift */; };
		9C56E105225A93CE00E72428 /* ThemeSettingsBuilder.swift in Sources */ = {isa = PBXBuildFile; fileRef = 9C56E104225A93CD00E72428 /* ThemeSettingsBuilder.swift */; };
		9C56E107225A93D200E72428 /* ThemeSettingsScene.swift in Sources */ = {isa = PBXBuildFile; fileRef = 9C56E106225A93D200E72428 /* ThemeSettingsScene.swift */; };
		9C56E109225A93D900E72428 /* ThemeSettingsCoordinator.swift in Sources */ = {isa = PBXBuildFile; fileRef = 9C56E108225A93D900E72428 /* ThemeSettingsCoordinator.swift */; };
		9C56E10B225A93E000E72428 /* ThemeSettingsView.swift in Sources */ = {isa = PBXBuildFile; fileRef = 9C56E10A225A93E000E72428 /* ThemeSettingsView.swift */; };
		9C56E10D225A93E700E72428 /* ThemeSettingsPresenter.swift in Sources */ = {isa = PBXBuildFile; fileRef = 9C56E10C225A93E700E72428 /* ThemeSettingsPresenter.swift */; };
		9C56E10F225A950A00E72428 /* UserDefaultsManager.swift in Sources */ = {isa = PBXBuildFile; fileRef = 9C56E10E225A950A00E72428 /* UserDefaultsManager.swift */; };
		9C56E111225B5EF800E72428 /* ThemeManager.swift in Sources */ = {isa = PBXBuildFile; fileRef = 9C56E110225B5EF800E72428 /* ThemeManager.swift */; };
		9C56E113225B5F0200E72428 /* ThemeObserver.swift in Sources */ = {isa = PBXBuildFile; fileRef = 9C56E112225B5F0200E72428 /* ThemeObserver.swift */; };
		9C56E115225B5F0A00E72428 /* WeakRef.swift in Sources */ = {isa = PBXBuildFile; fileRef = 9C56E114225B5F0A00E72428 /* WeakRef.swift */; };
		9C56E117225B5FA200E72428 /* Theme.swift in Sources */ = {isa = PBXBuildFile; fileRef = 9C56E116225B5FA200E72428 /* Theme.swift */; };
		9C56E119225B605000E72428 /* DarkTheme.swift in Sources */ = {isa = PBXBuildFile; fileRef = 9C56E118225B605000E72428 /* DarkTheme.swift */; };
		9C56E11B225B692200E72428 /* LightTheme.swift in Sources */ = {isa = PBXBuildFile; fileRef = 9C56E11A225B692200E72428 /* LightTheme.swift */; };
		9C76ABAD22357FCC00FB39DA /* Specification.swift in Sources */ = {isa = PBXBuildFile; fileRef = 9C76ABAC22357FCC00FB39DA /* Specification.swift */; };
		9C76ABAF223588D900FB39DA /* ProductType.swift in Sources */ = {isa = PBXBuildFile; fileRef = 9C76ABAE223588D900FB39DA /* ProductType.swift */; };
		9C76ABB122359F8400FB39DA /* ProductsService.swift in Sources */ = {isa = PBXBuildFile; fileRef = 9C76ABB022359F8400FB39DA /* ProductsService.swift */; };
		9C83BB94222A591A00CBB1FF /* ProductsListTableViewDataSource.swift in Sources */ = {isa = PBXBuildFile; fileRef = 9C83BB93222A591A00CBB1FF /* ProductsListTableViewDataSource.swift */; };
		9C83BBFF222EAECF00CBB1FF /* ProductDescriptionContract.swift in Sources */ = {isa = PBXBuildFile; fileRef = 9C83BBFE222EAECF00CBB1FF /* ProductDescriptionContract.swift */; };
		9C83BC01222EAED800CBB1FF /* ProductDescriptionComponent.swift in Sources */ = {isa = PBXBuildFile; fileRef = 9C83BC00222EAED800CBB1FF /* ProductDescriptionComponent.swift */; };
		9C83BC03222EAEE100CBB1FF /* ProductDescriptionBuilder.swift in Sources */ = {isa = PBXBuildFile; fileRef = 9C83BC02222EAEE100CBB1FF /* ProductDescriptionBuilder.swift */; };
		9C83BC05222EAEEB00CBB1FF /* ProductDescriptionScene.swift in Sources */ = {isa = PBXBuildFile; fileRef = 9C83BC04222EAEEB00CBB1FF /* ProductDescriptionScene.swift */; };
		9C83BC07222EAEF700CBB1FF /* ProductDescriptionCoordinator.swift in Sources */ = {isa = PBXBuildFile; fileRef = 9C83BC06222EAEF700CBB1FF /* ProductDescriptionCoordinator.swift */; };
		9C83BC09222EAEFF00CBB1FF /* ProductDescriptionView.swift in Sources */ = {isa = PBXBuildFile; fileRef = 9C83BC08222EAEFF00CBB1FF /* ProductDescriptionView.swift */; };
		9C83BC0B222EAF0700CBB1FF /* ProductDescriptionPresenter.swift in Sources */ = {isa = PBXBuildFile; fileRef = 9C83BC0A222EAF0700CBB1FF /* ProductDescriptionPresenter.swift */; };
		9C83BC0E222EF5D100CBB1FF /* ProductDescriptionTableViewDataSource.swift in Sources */ = {isa = PBXBuildFile; fileRef = 9C83BC0D222EF5D100CBB1FF /* ProductDescriptionTableViewDataSource.swift */; };
		9C83BC12222EFCC300CBB1FF /* ProductDescriptionTableViewCell.swift in Sources */ = {isa = PBXBuildFile; fileRef = 9C83BC11222EFCC300CBB1FF /* ProductDescriptionTableViewCell.swift */; };
		9C86D93F22AA418500E2E92B /* AlertDisplayable.swift in Sources */ = {isa = PBXBuildFile; fileRef = 9C86D93E22AA418500E2E92B /* AlertDisplayable.swift */; };
		9C8FEBFE226B89A5007C30EB /* TintColorType.swift in Sources */ = {isa = PBXBuildFile; fileRef = 9C8FEBFD226B89A5007C30EB /* TintColorType.swift */; };
		9C8FEC00226B8EF7007C30EB /* SectionedMenuColorPickerCell.swift in Sources */ = {isa = PBXBuildFile; fileRef = 9C8FEBFF226B8EF7007C30EB /* SectionedMenuColorPickerCell.swift */; };
		9C8FEC03226B952A007C30EB /* ThemeSettingsColorPickerView.swift in Sources */ = {isa = PBXBuildFile; fileRef = 9C8FEC02226B952A007C30EB /* ThemeSettingsColorPickerView.swift */; };
		9C8FEC07226B9553007C30EB /* ThemeSettingsColorPickerViewCell.swift in Sources */ = {isa = PBXBuildFile; fileRef = 9C8FEC06226B9553007C30EB /* ThemeSettingsColorPickerViewCell.swift */; };
		9C9C73CA223CF92A00C4B5EE /* ProductDescriptionTablePriceCell.swift in Sources */ = {isa = PBXBuildFile; fileRef = 9C9C73C9223CF92A00C4B5EE /* ProductDescriptionTablePriceCell.swift */; };
		9CA418D4221D879C00BAF215 /* StoreItem.swift in Sources */ = {isa = PBXBuildFile; fileRef = 9CA418D3221D879C00BAF215 /* StoreItem.swift */; };
		9CA418D6221D883700BAF215 /* Smartphone.swift in Sources */ = {isa = PBXBuildFile; fileRef = 9CA418D5221D883700BAF215 /* Smartphone.swift */; };
		9CA418D8221D883F00BAF215 /* TV.swift in Sources */ = {isa = PBXBuildFile; fileRef = 9CA418D7221D883F00BAF215 /* TV.swift */; };
		9CA418DA221D884900BAF215 /* Laptop.swift in Sources */ = {isa = PBXBuildFile; fileRef = 9CA418D9221D884900BAF215 /* Laptop.swift */; };
		9CA418DE221D898300BAF215 /* Display.swift in Sources */ = {isa = PBXBuildFile; fileRef = 9CA418DD221D898300BAF215 /* Display.swift */; };
		9CA418E0221D8A0900BAF215 /* OperatingSystem.swift in Sources */ = {isa = PBXBuildFile; fileRef = 9CA418DF221D8A0900BAF215 /* OperatingSystem.swift */; };
		9CA418E3221D8CEC00BAF215 /* CatalogContract.swift in Sources */ = {isa = PBXBuildFile; fileRef = 9CA418E2221D8CEC00BAF215 /* CatalogContract.swift */; };
		9CA418E5221D8CF400BAF215 /* CatalogComponent.swift in Sources */ = {isa = PBXBuildFile; fileRef = 9CA418E4221D8CF400BAF215 /* CatalogComponent.swift */; };
		9CA418E7221D8CFC00BAF215 /* CatalogBuilder.swift in Sources */ = {isa = PBXBuildFile; fileRef = 9CA418E6221D8CFC00BAF215 /* CatalogBuilder.swift */; };
		9CA418E9221D8D0500BAF215 /* CatalogScene.swift in Sources */ = {isa = PBXBuildFile; fileRef = 9CA418E8221D8D0500BAF215 /* CatalogScene.swift */; };
		9CA418EB221D8D0D00BAF215 /* CatalogCoordinator.swift in Sources */ = {isa = PBXBuildFile; fileRef = 9CA418EA221D8D0D00BAF215 /* CatalogCoordinator.swift */; };
		9CA418ED221D8D1600BAF215 /* CatalogView.swift in Sources */ = {isa = PBXBuildFile; fileRef = 9CA418EC221D8D1600BAF215 /* CatalogView.swift */; };
		9CA418EF221D8D1F00BAF215 /* CatalogPresenter.swift in Sources */ = {isa = PBXBuildFile; fileRef = 9CA418EE221D8D1F00BAF215 /* CatalogPresenter.swift */; };
		9CA4191B2222CC9500BAF215 /* CategoryTableViewCell.swift in Sources */ = {isa = PBXBuildFile; fileRef = 9CA4191A2222CC9500BAF215 /* CategoryTableViewCell.swift */; };
		9CA4191E2222CF0B00BAF215 /* CategoryTableViewDataSource.swift in Sources */ = {isa = PBXBuildFile; fileRef = 9CA4191D2222CF0B00BAF215 /* CategoryTableViewDataSource.swift */; };
		9CA419202222D6E900BAF215 /* Category.swift in Sources */ = {isa = PBXBuildFile; fileRef = 9CA4191F2222D6E900BAF215 /* Category.swift */; };
		9CA41924222324DE00BAF215 /* ProductsListContract.swift in Sources */ = {isa = PBXBuildFile; fileRef = 9CA41923222324DE00BAF215 /* ProductsListContract.swift */; };
		9CA41926222324E800BAF215 /* ProductsListComponent.swift in Sources */ = {isa = PBXBuildFile; fileRef = 9CA41925222324E800BAF215 /* ProductsListComponent.swift */; };
		9CA41928222324EF00BAF215 /* ProductsListBuilder.swift in Sources */ = {isa = PBXBuildFile; fileRef = 9CA41927222324EF00BAF215 /* ProductsListBuilder.swift */; };
		9CA4192A222324F800BAF215 /* ProductsListScene.swift in Sources */ = {isa = PBXBuildFile; fileRef = 9CA41929222324F800BAF215 /* ProductsListScene.swift */; };
		9CA4192C2223250200BAF215 /* ProductsListCoordinator.swift in Sources */ = {isa = PBXBuildFile; fileRef = 9CA4192B2223250200BAF215 /* ProductsListCoordinator.swift */; };
		9CA4192E2223250A00BAF215 /* ProductsListView.swift in Sources */ = {isa = PBXBuildFile; fileRef = 9CA4192D2223250A00BAF215 /* ProductsListView.swift */; };
		9CA419302223251200BAF215 /* ProductsListPresenter.swift in Sources */ = {isa = PBXBuildFile; fileRef = 9CA4192F2223251200BAF215 /* ProductsListPresenter.swift */; };
		9CA4193422251C5600BAF215 /* ProductsListTableViewCell.swift in Sources */ = {isa = PBXBuildFile; fileRef = 9CA4193322251C5600BAF215 /* ProductsListTableViewCell.swift */; };
		9CBBF7F82267676C00424E37 /* SectionedMenuView.swift in Sources */ = {isa = PBXBuildFile; fileRef = 9CBBF7F72267676C00424E37 /* SectionedMenuView.swift */; };
		9CBBF7FB22676B1E00424E37 /* SectionedMenuRegularCell.swift in Sources */ = {isa = PBXBuildFile; fileRef = 9CBBF7FA22676B1E00424E37 /* SectionedMenuRegularCell.swift */; };
		9CBBF8042267D68100424E37 /* SectionedMenuThumbnailCell.swift in Sources */ = {isa = PBXBuildFile; fileRef = 9CBBF8032267D68100424E37 /* SectionedMenuThumbnailCell.swift */; };
		9CBC2819223B839D0091082B /* ProductDescriptionTableHeaderCell.swift in Sources */ = {isa = PBXBuildFile; fileRef = 9CBC2818223B839D0091082B /* ProductDescriptionTableHeaderCell.swift */; };
		9CBC281C223BC5A70091082B /* UIImageView+Downloaded.swift in Sources */ = {isa = PBXBuildFile; fileRef = 9CBC281B223BC5A70091082B /* UIImageView+Downloaded.swift */; };
		9CC46B87221405B1005E24F5 /* RootContract.swift in Sources */ = {isa = PBXBuildFile; fileRef = 9CC46B86221405B1005E24F5 /* RootContract.swift */; };
		9CC46B89221405C6005E24F5 /* RootComponent.swift in Sources */ = {isa = PBXBuildFile; fileRef = 9CC46B88221405C6005E24F5 /* RootComponent.swift */; };
		9CC46B8B221405DF005E24F5 /* RootScene.swift in Sources */ = {isa = PBXBuildFile; fileRef = 9CC46B8A221405DF005E24F5 /* RootScene.swift */; };
		9CC46B8F22140617005E24F5 /* RootView.swift in Sources */ = {isa = PBXBuildFile; fileRef = 9CC46B8E22140617005E24F5 /* RootView.swift */; };
		9CC46B9122140623005E24F5 /* RootPresenter.swift in Sources */ = {isa = PBXBuildFile; fileRef = 9CC46B9022140623005E24F5 /* RootPresenter.swift */; };
		9CC46B9822141058005E24F5 /* DashboardContract.swift in Sources */ = {isa = PBXBuildFile; fileRef = 9CC46B9722141058005E24F5 /* DashboardContract.swift */; };
		9CC46B9A22141061005E24F5 /* DashboardComponent.swift in Sources */ = {isa = PBXBuildFile; fileRef = 9CC46B9922141061005E24F5 /* DashboardComponent.swift */; };
		9CC46B9C2214106B005E24F5 /* DashboardBuilder.swift in Sources */ = {isa = PBXBuildFile; fileRef = 9CC46B9B2214106B005E24F5 /* DashboardBuilder.swift */; };
		9CC46B9E22141072005E24F5 /* DashboardScene.swift in Sources */ = {isa = PBXBuildFile; fileRef = 9CC46B9D22141072005E24F5 /* DashboardScene.swift */; };
		9CC46BA02214107A005E24F5 /* DashboardCoordinator.swift in Sources */ = {isa = PBXBuildFile; fileRef = 9CC46B9F2214107A005E24F5 /* DashboardCoordinator.swift */; };
		9CC46BA222141088005E24F5 /* DashboardView.swift in Sources */ = {isa = PBXBuildFile; fileRef = 9CC46BA122141088005E24F5 /* DashboardView.swift */; };
		9CC46BA422141090005E24F5 /* DashboardPresenter.swift in Sources */ = {isa = PBXBuildFile; fileRef = 9CC46BA322141090005E24F5 /* DashboardPresenter.swift */; };
		9CC46BB02214719D005E24F5 /* Coordinator.swift in Sources */ = {isa = PBXBuildFile; fileRef = 9CC46BAF2214719D005E24F5 /* Coordinator.swift */; };
		9CC46BB32214C3AD005E24F5 /* AuthContract.swift in Sources */ = {isa = PBXBuildFile; fileRef = 9CC46BB22214C3AD005E24F5 /* AuthContract.swift */; };
		9CC46BB52214C3B7005E24F5 /* AuthComponent.swift in Sources */ = {isa = PBXBuildFile; fileRef = 9CC46BB42214C3B7005E24F5 /* AuthComponent.swift */; };
		9CC46BB72214C3FC005E24F5 /* AuthBuilder.swift in Sources */ = {isa = PBXBuildFile; fileRef = 9CC46BB62214C3FC005E24F5 /* AuthBuilder.swift */; };
		9CC46BB92214C409005E24F5 /* AuthScene.swift in Sources */ = {isa = PBXBuildFile; fileRef = 9CC46BB82214C409005E24F5 /* AuthScene.swift */; };
		9CC46BBB2214C412005E24F5 /* AuthCoordinator.swift in Sources */ = {isa = PBXBuildFile; fileRef = 9CC46BBA2214C412005E24F5 /* AuthCoordinator.swift */; };
		9CC46BBD2214C41B005E24F5 /* AuthView.swift in Sources */ = {isa = PBXBuildFile; fileRef = 9CC46BBC2214C41B005E24F5 /* AuthView.swift */; };
		9CC46BBF2214C425005E24F5 /* AuthPresenter.swift in Sources */ = {isa = PBXBuildFile; fileRef = 9CC46BBE2214C425005E24F5 /* AuthPresenter.swift */; };
		9CC46BC8221538F8005E24F5 /* SignUpContract.swift in Sources */ = {isa = PBXBuildFile; fileRef = 9CC46BC7221538F8005E24F5 /* SignUpContract.swift */; };
		9CC46BCC22153908005E24F5 /* SignUpBuilder.swift in Sources */ = {isa = PBXBuildFile; fileRef = 9CC46BCB22153908005E24F5 /* SignUpBuilder.swift */; };
		9CC46BCE2215390F005E24F5 /* SignUpScene.swift in Sources */ = {isa = PBXBuildFile; fileRef = 9CC46BCD2215390F005E24F5 /* SignUpScene.swift */; };
		9CC46BD022153918005E24F5 /* SignUpCoordinator.swift in Sources */ = {isa = PBXBuildFile; fileRef = 9CC46BCF22153918005E24F5 /* SignUpCoordinator.swift */; };
		9CC46BD42215392A005E24F5 /* SignUpView.swift in Sources */ = {isa = PBXBuildFile; fileRef = 9CC46BD32215392A005E24F5 /* SignUpView.swift */; };
		9CC46BD622153932005E24F5 /* SignUpPresenter.swift in Sources */ = {isa = PBXBuildFile; fileRef = 9CC46BD522153932005E24F5 /* SignUpPresenter.swift */; };
		9CC46BFF22161529005E24F5 /* SignInContract.swift in Sources */ = {isa = PBXBuildFile; fileRef = 9CC46BFE22161529005E24F5 /* SignInContract.swift */; };
		9CC46C032216153A005E24F5 /* SignInBuilder.swift in Sources */ = {isa = PBXBuildFile; fileRef = 9CC46C022216153A005E24F5 /* SignInBuilder.swift */; };
		9CC46C0522161548005E24F5 /* SignInScene.swift in Sources */ = {isa = PBXBuildFile; fileRef = 9CC46C0422161548005E24F5 /* SignInScene.swift */; };
		9CC46C0722161550005E24F5 /* SignInCoordinator.swift in Sources */ = {isa = PBXBuildFile; fileRef = 9CC46C062216154F005E24F5 /* SignInCoordinator.swift */; };
		9CC46C0922161559005E24F5 /* SignInView.swift in Sources */ = {isa = PBXBuildFile; fileRef = 9CC46C0822161559005E24F5 /* SignInView.swift */; };
		9CC46C0B22161562005E24F5 /* SignInPresenter.swift in Sources */ = {isa = PBXBuildFile; fileRef = 9CC46C0A22161562005E24F5 /* SignInPresenter.swift */; };
		9CC46C172216982E005E24F5 /* KeyboardManager.swift in Sources */ = {isa = PBXBuildFile; fileRef = 9CC46C162216982E005E24F5 /* KeyboardManager.swift */; };
		9CC46C1A22176B39005E24F5 /* AlertFactory.swift in Sources */ = {isa = PBXBuildFile; fileRef = 9CC46C1922176B39005E24F5 /* AlertFactory.swift */; };
		9CC46C1C22180B64005E24F5 /* ProfileContract.swift in Sources */ = {isa = PBXBuildFile; fileRef = 9CC46C1B22180B64005E24F5 /* ProfileContract.swift */; };
		9CC46C2022180B7B005E24F5 /* ProfileComponent.swift in Sources */ = {isa = PBXBuildFile; fileRef = 9CC46C1F22180B7B005E24F5 /* ProfileComponent.swift */; };
		9CC46C2222180B83005E24F5 /* ProfileBuilder.swift in Sources */ = {isa = PBXBuildFile; fileRef = 9CC46C2122180B83005E24F5 /* ProfileBuilder.swift */; };
		9CC46C2422180B8C005E24F5 /* ProfileScene.swift in Sources */ = {isa = PBXBuildFile; fileRef = 9CC46C2322180B8C005E24F5 /* ProfileScene.swift */; };
		9CC46C2622180B95005E24F5 /* ProfileCoordinator.swift in Sources */ = {isa = PBXBuildFile; fileRef = 9CC46C2522180B95005E24F5 /* ProfileCoordinator.swift */; };
		9CC46C2822180B9F005E24F5 /* ProfileView.swift in Sources */ = {isa = PBXBuildFile; fileRef = 9CC46C2722180B9F005E24F5 /* ProfileView.swift */; };
		9CC46C2A22180BAD005E24F5 /* ProfilePresenter.swift in Sources */ = {isa = PBXBuildFile; fileRef = 9CC46C2922180BAD005E24F5 /* ProfilePresenter.swift */; };
		9CC55244220AF8510004ACC4 /* AppDelegate.swift in Sources */ = {isa = PBXBuildFile; fileRef = 9CC55243220AF8510004ACC4 /* AppDelegate.swift */; };
		9CC5524B220AF8520004ACC4 /* Assets.xcassets in Resources */ = {isa = PBXBuildFile; fileRef = 9CC5524A220AF8520004ACC4 /* Assets.xcassets */; };
		9CC55267220AFC8C0004ACC4 /* AppComponent.swift in Sources */ = {isa = PBXBuildFile; fileRef = 9CC55266220AFC8C0004ACC4 /* AppComponent.swift */; };
		9CC55269220AFCBC0004ACC4 /* RootCoordinator.swift in Sources */ = {isa = PBXBuildFile; fileRef = 9CC55268220AFCBC0004ACC4 /* RootCoordinator.swift */; };
		9CC5526B220AFCC30004ACC4 /* RootBuilder.swift in Sources */ = {isa = PBXBuildFile; fileRef = 9CC5526A220AFCC30004ACC4 /* RootBuilder.swift */; };
		9CD6A85B226E030900DF4C65 /* UITableView+Generic.swift in Sources */ = {isa = PBXBuildFile; fileRef = 9CD6A85A226E030900DF4C65 /* UITableView+Generic.swift */; };
		9CD6A85D226E033700DF4C65 /* ReuseIdentifiable.swift in Sources */ = {isa = PBXBuildFile; fileRef = 9CD6A85C226E033700DF4C65 /* ReuseIdentifiable.swift */; };
		9CD6A85F226E034C00DF4C65 /* NibLoadable.swift in Sources */ = {isa = PBXBuildFile; fileRef = 9CD6A85E226E034C00DF4C65 /* NibLoadable.swift */; };
		9CD6A861226E047800DF4C65 /* UICollectionView+Generic.swift in Sources */ = {isa = PBXBuildFile; fileRef = 9CD6A860226E047800DF4C65 /* UICollectionView+Generic.swift */; };
		9CD6A863226E06DE00DF4C65 /* SectionedMenuTableViewAdapter.swift in Sources */ = {isa = PBXBuildFile; fileRef = 9CD6A862226E06DE00DF4C65 /* SectionedMenuTableViewAdapter.swift */; };
		B67E8CAE13B88E6B24FADB3F /* Pods_eStore.framework in Frameworks */ = {isa = PBXBuildFile; fileRef = 4D504EA2333F7424597DD971 /* Pods_eStore.framework */; };
		C2B154AE864ADDB701A619CB /* Pods_Tests.framework in Frameworks */ = {isa = PBXBuildFile; fileRef = 729C066A86EECB57EB23A9B3 /* Pods_Tests.framework */; };
/* End PBXBuildFile section */

/* Begin PBXContainerItemProxy section */
		9C83BBEE222C2D1500CBB1FF /* PBXContainerItemProxy */ = {
			isa = PBXContainerItemProxy;
			containerPortal = 9CC55238220AF8510004ACC4 /* Project object */;
			proxyType = 1;
			remoteGlobalIDString = 9CC5523F220AF8510004ACC4;
			remoteInfo = eStore;
		};
/* End PBXContainerItemProxy section */

/* Begin PBXFileReference section */
		4D504EA2333F7424597DD971 /* Pods_eStore.framework */ = {isa = PBXFileReference; explicitFileType = wrapper.framework; includeInIndex = 0; path = Pods_eStore.framework; sourceTree = BUILT_PRODUCTS_DIR; };
		54FCAB27BD45A8EE1C80EED6 /* Pods-Tests.release.xcconfig */ = {isa = PBXFileReference; includeInIndex = 1; lastKnownFileType = text.xcconfig; name = "Pods-Tests.release.xcconfig"; path = "Pods/Target Support Files/Pods-Tests/Pods-Tests.release.xcconfig"; sourceTree = "<group>"; };
		729C066A86EECB57EB23A9B3 /* Pods_Tests.framework */ = {isa = PBXFileReference; explicitFileType = wrapper.framework; includeInIndex = 0; path = Pods_Tests.framework; sourceTree = BUILT_PRODUCTS_DIR; };
		9636105CD80314886F52C479 /* Pods-eStore.debug.xcconfig */ = {isa = PBXFileReference; includeInIndex = 1; lastKnownFileType = text.xcconfig; name = "Pods-eStore.debug.xcconfig"; path = "Pods/Target Support Files/Pods-eStore/Pods-eStore.debug.xcconfig"; sourceTree = "<group>"; };
		9C1C9621225F590F0055EE46 /* ThemeBuilder.swift */ = {isa = PBXFileReference; lastKnownFileType = sourcecode.swift; path = ThemeBuilder.swift; sourceTree = "<group>"; };
		9C1C9623225F5C550055EE46 /* ThemeUpdatable.swift */ = {isa = PBXFileReference; lastKnownFileType = sourcecode.swift; path = ThemeUpdatable.swift; sourceTree = "<group>"; };
		9C3E6254226F8D4800C7DF40 /* TempTest.swift */ = {isa = PBXFileReference; fileEncoding = 4; lastKnownFileType = sourcecode.swift; path = TempTest.swift; sourceTree = "<group>"; };
		9C415BFB2260868300658A2B /* CircularFillAnimation.swift */ = {isa = PBXFileReference; lastKnownFileType = sourcecode.swift; path = CircularFillAnimation.swift; sourceTree = "<group>"; };
		9C415BFD226086B100658A2B /* Animation.swift */ = {isa = PBXFileReference; lastKnownFileType = sourcecode.swift; path = Animation.swift; sourceTree = "<group>"; };
		9C452FAD2242DAEF00924FA5 /* CartContract.swift */ = {isa = PBXFileReference; lastKnownFileType = sourcecode.swift; path = CartContract.swift; sourceTree = "<group>"; };
		9C452FAF2242DAF800924FA5 /* CartComponent.swift */ = {isa = PBXFileReference; lastKnownFileType = sourcecode.swift; path = CartComponent.swift; sourceTree = "<group>"; };
		9C452FB12242DB0000924FA5 /* CartBuilder.swift */ = {isa = PBXFileReference; lastKnownFileType = sourcecode.swift; path = CartBuilder.swift; sourceTree = "<group>"; };
		9C452FB32242DB0700924FA5 /* CartScene.swift */ = {isa = PBXFileReference; lastKnownFileType = sourcecode.swift; path = CartScene.swift; sourceTree = "<group>"; };
		9C452FB52242DB0F00924FA5 /* CartCoordinator.swift */ = {isa = PBXFileReference; lastKnownFileType = sourcecode.swift; path = CartCoordinator.swift; sourceTree = "<group>"; };
		9C452FB72242DB1500924FA5 /* CartView.swift */ = {isa = PBXFileReference; lastKnownFileType = sourcecode.swift; path = CartView.swift; sourceTree = "<group>"; };
		9C452FB92242DB1E00924FA5 /* CartPresenter.swift */ = {isa = PBXFileReference; lastKnownFileType = sourcecode.swift; path = CartPresenter.swift; sourceTree = "<group>"; };
		9C452FBC2242E07F00924FA5 /* CartTableViewCell.swift */ = {isa = PBXFileReference; lastKnownFileType = sourcecode.swift; path = CartTableViewCell.swift; sourceTree = "<group>"; };
		9C452FBE2242E08B00924FA5 /* CartTableViewDataSource.swift */ = {isa = PBXFileReference; lastKnownFileType = sourcecode.swift; path = CartTableViewDataSource.swift; sourceTree = "<group>"; };
		9C56E0FB225A747100E72428 /* Color.swift */ = {isa = PBXFileReference; lastKnownFileType = sourcecode.swift; path = Color.swift; sourceTree = "<group>"; };
		9C56E0FD225A76B100E72428 /* ThemeType.swift */ = {isa = PBXFileReference; lastKnownFileType = sourcecode.swift; path = ThemeType.swift; sourceTree = "<group>"; };
		9C56E100225A93C000E72428 /* ThemeSettingsContract.swift */ = {isa = PBXFileReference; lastKnownFileType = sourcecode.swift; path = ThemeSettingsContract.swift; sourceTree = "<group>"; };
		9C56E102225A93C700E72428 /* ThemeSettingsComponent.swift */ = {isa = PBXFileReference; lastKnownFileType = sourcecode.swift; path = ThemeSettingsComponent.swift; sourceTree = "<group>"; };
		9C56E104225A93CD00E72428 /* ThemeSettingsBuilder.swift */ = {isa = PBXFileReference; lastKnownFileType = sourcecode.swift; path = ThemeSettingsBuilder.swift; sourceTree = "<group>"; };
		9C56E106225A93D200E72428 /* ThemeSettingsScene.swift */ = {isa = PBXFileReference; lastKnownFileType = sourcecode.swift; path = ThemeSettingsScene.swift; sourceTree = "<group>"; };
		9C56E108225A93D900E72428 /* ThemeSettingsCoordinator.swift */ = {isa = PBXFileReference; lastKnownFileType = sourcecode.swift; path = ThemeSettingsCoordinator.swift; sourceTree = "<group>"; };
		9C56E10A225A93E000E72428 /* ThemeSettingsView.swift */ = {isa = PBXFileReference; lastKnownFileType = sourcecode.swift; path = ThemeSettingsView.swift; sourceTree = "<group>"; };
		9C56E10C225A93E700E72428 /* ThemeSettingsPresenter.swift */ = {isa = PBXFileReference; lastKnownFileType = sourcecode.swift; path = ThemeSettingsPresenter.swift; sourceTree = "<group>"; };
		9C56E10E225A950A00E72428 /* UserDefaultsManager.swift */ = {isa = PBXFileReference; lastKnownFileType = sourcecode.swift; path = UserDefaultsManager.swift; sourceTree = "<group>"; };
		9C56E110225B5EF800E72428 /* ThemeManager.swift */ = {isa = PBXFileReference; lastKnownFileType = sourcecode.swift; path = ThemeManager.swift; sourceTree = "<group>"; };
		9C56E112225B5F0200E72428 /* ThemeObserver.swift */ = {isa = PBXFileReference; lastKnownFileType = sourcecode.swift; path = ThemeObserver.swift; sourceTree = "<group>"; };
		9C56E114225B5F0A00E72428 /* WeakRef.swift */ = {isa = PBXFileReference; lastKnownFileType = sourcecode.swift; path = WeakRef.swift; sourceTree = "<group>"; };
		9C56E116225B5FA200E72428 /* Theme.swift */ = {isa = PBXFileReference; lastKnownFileType = sourcecode.swift; path = Theme.swift; sourceTree = "<group>"; };
		9C56E118225B605000E72428 /* DarkTheme.swift */ = {isa = PBXFileReference; lastKnownFileType = sourcecode.swift; path = DarkTheme.swift; sourceTree = "<group>"; };
		9C56E11A225B692200E72428 /* LightTheme.swift */ = {isa = PBXFileReference; lastKnownFileType = sourcecode.swift; path = LightTheme.swift; sourceTree = "<group>"; };
		9C76ABAC22357FCC00FB39DA /* Specification.swift */ = {isa = PBXFileReference; lastKnownFileType = sourcecode.swift; path = Specification.swift; sourceTree = "<group>"; };
		9C76ABAE223588D900FB39DA /* ProductType.swift */ = {isa = PBXFileReference; lastKnownFileType = sourcecode.swift; path = ProductType.swift; sourceTree = "<group>"; };
		9C76ABB022359F8400FB39DA /* ProductsService.swift */ = {isa = PBXFileReference; lastKnownFileType = sourcecode.swift; path = ProductsService.swift; sourceTree = "<group>"; };
		9C83BB93222A591A00CBB1FF /* ProductsListTableViewDataSource.swift */ = {isa = PBXFileReference; lastKnownFileType = sourcecode.swift; path = ProductsListTableViewDataSource.swift; sourceTree = "<group>"; };
		9C83BBE9222C2D1500CBB1FF /* Tests.xctest */ = {isa = PBXFileReference; explicitFileType = wrapper.cfbundle; includeInIndex = 0; path = Tests.xctest; sourceTree = BUILT_PRODUCTS_DIR; };
		9C83BBED222C2D1500CBB1FF /* Info.plist */ = {isa = PBXFileReference; lastKnownFileType = text.plist.xml; path = Info.plist; sourceTree = "<group>"; };
		9C83BBFE222EAECF00CBB1FF /* ProductDescriptionContract.swift */ = {isa = PBXFileReference; lastKnownFileType = sourcecode.swift; path = ProductDescriptionContract.swift; sourceTree = "<group>"; };
		9C83BC00222EAED800CBB1FF /* ProductDescriptionComponent.swift */ = {isa = PBXFileReference; lastKnownFileType = sourcecode.swift; path = ProductDescriptionComponent.swift; sourceTree = "<group>"; };
		9C83BC02222EAEE100CBB1FF /* ProductDescriptionBuilder.swift */ = {isa = PBXFileReference; lastKnownFileType = sourcecode.swift; path = ProductDescriptionBuilder.swift; sourceTree = "<group>"; };
		9C83BC04222EAEEB00CBB1FF /* ProductDescriptionScene.swift */ = {isa = PBXFileReference; lastKnownFileType = sourcecode.swift; path = ProductDescriptionScene.swift; sourceTree = "<group>"; };
		9C83BC06222EAEF700CBB1FF /* ProductDescriptionCoordinator.swift */ = {isa = PBXFileReference; lastKnownFileType = sourcecode.swift; path = ProductDescriptionCoordinator.swift; sourceTree = "<group>"; };
		9C83BC08222EAEFF00CBB1FF /* ProductDescriptionView.swift */ = {isa = PBXFileReference; lastKnownFileType = sourcecode.swift; path = ProductDescriptionView.swift; sourceTree = "<group>"; };
		9C83BC0A222EAF0700CBB1FF /* ProductDescriptionPresenter.swift */ = {isa = PBXFileReference; lastKnownFileType = sourcecode.swift; path = ProductDescriptionPresenter.swift; sourceTree = "<group>"; };
		9C83BC0D222EF5D100CBB1FF /* ProductDescriptionTableViewDataSource.swift */ = {isa = PBXFileReference; lastKnownFileType = sourcecode.swift; path = ProductDescriptionTableViewDataSource.swift; sourceTree = "<group>"; };
		9C83BC11222EFCC300CBB1FF /* ProductDescriptionTableViewCell.swift */ = {isa = PBXFileReference; lastKnownFileType = sourcecode.swift; path = ProductDescriptionTableViewCell.swift; sourceTree = "<group>"; };
		9C86D93E22AA418500E2E92B /* AlertDisplayable.swift */ = {isa = PBXFileReference; lastKnownFileType = sourcecode.swift; path = AlertDisplayable.swift; sourceTree = "<group>"; };
		9C8FEBFD226B89A5007C30EB /* TintColorType.swift */ = {isa = PBXFileReference; fileEncoding = 4; lastKnownFileType = sourcecode.swift; path = TintColorType.swift; sourceTree = "<group>"; };
		9C8FEBFF226B8EF7007C30EB /* SectionedMenuColorPickerCell.swift */ = {isa = PBXFileReference; lastKnownFileType = sourcecode.swift; path = SectionedMenuColorPickerCell.swift; sourceTree = "<group>"; };
		9C8FEC02226B952A007C30EB /* ThemeSettingsColorPickerView.swift */ = {isa = PBXFileReference; lastKnownFileType = sourcecode.swift; path = ThemeSettingsColorPickerView.swift; sourceTree = "<group>"; };
		9C8FEC06226B9553007C30EB /* ThemeSettingsColorPickerViewCell.swift */ = {isa = PBXFileReference; lastKnownFileType = sourcecode.swift; path = ThemeSettingsColorPickerViewCell.swift; sourceTree = "<group>"; };
		9C9C73C9223CF92A00C4B5EE /* ProductDescriptionTablePriceCell.swift */ = {isa = PBXFileReference; lastKnownFileType = sourcecode.swift; path = ProductDescriptionTablePriceCell.swift; sourceTree = "<group>"; };
		9CA418D3221D879C00BAF215 /* StoreItem.swift */ = {isa = PBXFileReference; lastKnownFileType = sourcecode.swift; path = StoreItem.swift; sourceTree = "<group>"; };
		9CA418D5221D883700BAF215 /* Smartphone.swift */ = {isa = PBXFileReference; lastKnownFileType = sourcecode.swift; path = Smartphone.swift; sourceTree = "<group>"; };
		9CA418D7221D883F00BAF215 /* TV.swift */ = {isa = PBXFileReference; lastKnownFileType = sourcecode.swift; path = TV.swift; sourceTree = "<group>"; };
		9CA418D9221D884900BAF215 /* Laptop.swift */ = {isa = PBXFileReference; lastKnownFileType = sourcecode.swift; path = Laptop.swift; sourceTree = "<group>"; };
		9CA418DD221D898300BAF215 /* Display.swift */ = {isa = PBXFileReference; lastKnownFileType = sourcecode.swift; path = Display.swift; sourceTree = "<group>"; };
		9CA418DF221D8A0900BAF215 /* OperatingSystem.swift */ = {isa = PBXFileReference; lastKnownFileType = sourcecode.swift; path = OperatingSystem.swift; sourceTree = "<group>"; };
		9CA418E2221D8CEC00BAF215 /* CatalogContract.swift */ = {isa = PBXFileReference; lastKnownFileType = sourcecode.swift; path = CatalogContract.swift; sourceTree = "<group>"; };
		9CA418E4221D8CF400BAF215 /* CatalogComponent.swift */ = {isa = PBXFileReference; lastKnownFileType = sourcecode.swift; path = CatalogComponent.swift; sourceTree = "<group>"; };
		9CA418E6221D8CFC00BAF215 /* CatalogBuilder.swift */ = {isa = PBXFileReference; lastKnownFileType = sourcecode.swift; path = CatalogBuilder.swift; sourceTree = "<group>"; };
		9CA418E8221D8D0500BAF215 /* CatalogScene.swift */ = {isa = PBXFileReference; lastKnownFileType = sourcecode.swift; path = CatalogScene.swift; sourceTree = "<group>"; };
		9CA418EA221D8D0D00BAF215 /* CatalogCoordinator.swift */ = {isa = PBXFileReference; lastKnownFileType = sourcecode.swift; path = CatalogCoordinator.swift; sourceTree = "<group>"; };
		9CA418EC221D8D1600BAF215 /* CatalogView.swift */ = {isa = PBXFileReference; lastKnownFileType = sourcecode.swift; path = CatalogView.swift; sourceTree = "<group>"; };
		9CA418EE221D8D1F00BAF215 /* CatalogPresenter.swift */ = {isa = PBXFileReference; lastKnownFileType = sourcecode.swift; path = CatalogPresenter.swift; sourceTree = "<group>"; };
		9CA4191A2222CC9500BAF215 /* CategoryTableViewCell.swift */ = {isa = PBXFileReference; lastKnownFileType = sourcecode.swift; path = CategoryTableViewCell.swift; sourceTree = "<group>"; };
		9CA4191D2222CF0B00BAF215 /* CategoryTableViewDataSource.swift */ = {isa = PBXFileReference; lastKnownFileType = sourcecode.swift; path = CategoryTableViewDataSource.swift; sourceTree = "<group>"; };
		9CA4191F2222D6E900BAF215 /* Category.swift */ = {isa = PBXFileReference; lastKnownFileType = sourcecode.swift; path = Category.swift; sourceTree = "<group>"; };
		9CA41923222324DE00BAF215 /* ProductsListContract.swift */ = {isa = PBXFileReference; lastKnownFileType = sourcecode.swift; path = ProductsListContract.swift; sourceTree = "<group>"; };
		9CA41925222324E800BAF215 /* ProductsListComponent.swift */ = {isa = PBXFileReference; lastKnownFileType = sourcecode.swift; path = ProductsListComponent.swift; sourceTree = "<group>"; };
		9CA41927222324EF00BAF215 /* ProductsListBuilder.swift */ = {isa = PBXFileReference; lastKnownFileType = sourcecode.swift; path = ProductsListBuilder.swift; sourceTree = "<group>"; };
		9CA41929222324F800BAF215 /* ProductsListScene.swift */ = {isa = PBXFileReference; lastKnownFileType = sourcecode.swift; path = ProductsListScene.swift; sourceTree = "<group>"; };
		9CA4192B2223250200BAF215 /* ProductsListCoordinator.swift */ = {isa = PBXFileReference; lastKnownFileType = sourcecode.swift; path = ProductsListCoordinator.swift; sourceTree = "<group>"; };
		9CA4192D2223250A00BAF215 /* ProductsListView.swift */ = {isa = PBXFileReference; lastKnownFileType = sourcecode.swift; path = ProductsListView.swift; sourceTree = "<group>"; };
		9CA4192F2223251200BAF215 /* ProductsListPresenter.swift */ = {isa = PBXFileReference; lastKnownFileType = sourcecode.swift; path = ProductsListPresenter.swift; sourceTree = "<group>"; };
		9CA4193322251C5600BAF215 /* ProductsListTableViewCell.swift */ = {isa = PBXFileReference; lastKnownFileType = sourcecode.swift; path = ProductsListTableViewCell.swift; sourceTree = "<group>"; };
		9CBBF7F72267676C00424E37 /* SectionedMenuView.swift */ = {isa = PBXFileReference; fileEncoding = 4; lastKnownFileType = sourcecode.swift; path = SectionedMenuView.swift; sourceTree = "<group>"; };
		9CBBF7FA22676B1E00424E37 /* SectionedMenuRegularCell.swift */ = {isa = PBXFileReference; lastKnownFileType = sourcecode.swift; path = SectionedMenuRegularCell.swift; sourceTree = "<group>"; };
		9CBBF8032267D68100424E37 /* SectionedMenuThumbnailCell.swift */ = {isa = PBXFileReference; lastKnownFileType = sourcecode.swift; path = SectionedMenuThumbnailCell.swift; sourceTree = "<group>"; };
		9CBC2818223B839D0091082B /* ProductDescriptionTableHeaderCell.swift */ = {isa = PBXFileReference; lastKnownFileType = sourcecode.swift; path = ProductDescriptionTableHeaderCell.swift; sourceTree = "<group>"; };
		9CBC281B223BC5A70091082B /* UIImageView+Downloaded.swift */ = {isa = PBXFileReference; lastKnownFileType = sourcecode.swift; path = "UIImageView+Downloaded.swift"; sourceTree = "<group>"; };
		9CC46B86221405B1005E24F5 /* RootContract.swift */ = {isa = PBXFileReference; lastKnownFileType = sourcecode.swift; path = RootContract.swift; sourceTree = "<group>"; };
		9CC46B88221405C6005E24F5 /* RootComponent.swift */ = {isa = PBXFileReference; lastKnownFileType = sourcecode.swift; path = RootComponent.swift; sourceTree = "<group>"; };
		9CC46B8A221405DF005E24F5 /* RootScene.swift */ = {isa = PBXFileReference; lastKnownFileType = sourcecode.swift; path = RootScene.swift; sourceTree = "<group>"; };
		9CC46B8E22140617005E24F5 /* RootView.swift */ = {isa = PBXFileReference; lastKnownFileType = sourcecode.swift; path = RootView.swift; sourceTree = "<group>"; };
		9CC46B9022140623005E24F5 /* RootPresenter.swift */ = {isa = PBXFileReference; lastKnownFileType = sourcecode.swift; path = RootPresenter.swift; sourceTree = "<group>"; };
		9CC46B9722141058005E24F5 /* DashboardContract.swift */ = {isa = PBXFileReference; lastKnownFileType = sourcecode.swift; path = DashboardContract.swift; sourceTree = "<group>"; };
		9CC46B9922141061005E24F5 /* DashboardComponent.swift */ = {isa = PBXFileReference; lastKnownFileType = sourcecode.swift; path = DashboardComponent.swift; sourceTree = "<group>"; };
		9CC46B9B2214106B005E24F5 /* DashboardBuilder.swift */ = {isa = PBXFileReference; lastKnownFileType = sourcecode.swift; path = DashboardBuilder.swift; sourceTree = "<group>"; };
		9CC46B9D22141072005E24F5 /* DashboardScene.swift */ = {isa = PBXFileReference; lastKnownFileType = sourcecode.swift; path = DashboardScene.swift; sourceTree = "<group>"; };
		9CC46B9F2214107A005E24F5 /* DashboardCoordinator.swift */ = {isa = PBXFileReference; lastKnownFileType = sourcecode.swift; path = DashboardCoordinator.swift; sourceTree = "<group>"; };
		9CC46BA122141088005E24F5 /* DashboardView.swift */ = {isa = PBXFileReference; lastKnownFileType = sourcecode.swift; path = DashboardView.swift; sourceTree = "<group>"; };
		9CC46BA322141090005E24F5 /* DashboardPresenter.swift */ = {isa = PBXFileReference; lastKnownFileType = sourcecode.swift; path = DashboardPresenter.swift; sourceTree = "<group>"; };
		9CC46BAF2214719D005E24F5 /* Coordinator.swift */ = {isa = PBXFileReference; fileEncoding = 4; lastKnownFileType = sourcecode.swift; path = Coordinator.swift; sourceTree = "<group>"; };
		9CC46BB22214C3AD005E24F5 /* AuthContract.swift */ = {isa = PBXFileReference; lastKnownFileType = sourcecode.swift; path = AuthContract.swift; sourceTree = "<group>"; };
		9CC46BB42214C3B7005E24F5 /* AuthComponent.swift */ = {isa = PBXFileReference; lastKnownFileType = sourcecode.swift; path = AuthComponent.swift; sourceTree = "<group>"; };
		9CC46BB62214C3FC005E24F5 /* AuthBuilder.swift */ = {isa = PBXFileReference; lastKnownFileType = sourcecode.swift; path = AuthBuilder.swift; sourceTree = "<group>"; };
		9CC46BB82214C409005E24F5 /* AuthScene.swift */ = {isa = PBXFileReference; lastKnownFileType = sourcecode.swift; path = AuthScene.swift; sourceTree = "<group>"; };
		9CC46BBA2214C412005E24F5 /* AuthCoordinator.swift */ = {isa = PBXFileReference; lastKnownFileType = sourcecode.swift; path = AuthCoordinator.swift; sourceTree = "<group>"; };
		9CC46BBC2214C41B005E24F5 /* AuthView.swift */ = {isa = PBXFileReference; lastKnownFileType = sourcecode.swift; path = AuthView.swift; sourceTree = "<group>"; };
		9CC46BBE2214C425005E24F5 /* AuthPresenter.swift */ = {isa = PBXFileReference; lastKnownFileType = sourcecode.swift; path = AuthPresenter.swift; sourceTree = "<group>"; };
		9CC46BC7221538F8005E24F5 /* SignUpContract.swift */ = {isa = PBXFileReference; lastKnownFileType = sourcecode.swift; path = SignUpContract.swift; sourceTree = "<group>"; };
		9CC46BCB22153908005E24F5 /* SignUpBuilder.swift */ = {isa = PBXFileReference; lastKnownFileType = sourcecode.swift; path = SignUpBuilder.swift; sourceTree = "<group>"; };
		9CC46BCD2215390F005E24F5 /* SignUpScene.swift */ = {isa = PBXFileReference; lastKnownFileType = sourcecode.swift; path = SignUpScene.swift; sourceTree = "<group>"; };
		9CC46BCF22153918005E24F5 /* SignUpCoordinator.swift */ = {isa = PBXFileReference; lastKnownFileType = sourcecode.swift; path = SignUpCoordinator.swift; sourceTree = "<group>"; };
		9CC46BD32215392A005E24F5 /* SignUpView.swift */ = {isa = PBXFileReference; lastKnownFileType = sourcecode.swift; path = SignUpView.swift; sourceTree = "<group>"; };
		9CC46BD522153932005E24F5 /* SignUpPresenter.swift */ = {isa = PBXFileReference; lastKnownFileType = sourcecode.swift; path = SignUpPresenter.swift; sourceTree = "<group>"; };
		9CC46BFE22161529005E24F5 /* SignInContract.swift */ = {isa = PBXFileReference; lastKnownFileType = sourcecode.swift; path = SignInContract.swift; sourceTree = "<group>"; };
		9CC46C022216153A005E24F5 /* SignInBuilder.swift */ = {isa = PBXFileReference; lastKnownFileType = sourcecode.swift; path = SignInBuilder.swift; sourceTree = "<group>"; };
		9CC46C0422161548005E24F5 /* SignInScene.swift */ = {isa = PBXFileReference; lastKnownFileType = sourcecode.swift; path = SignInScene.swift; sourceTree = "<group>"; };
		9CC46C062216154F005E24F5 /* SignInCoordinator.swift */ = {isa = PBXFileReference; lastKnownFileType = sourcecode.swift; path = SignInCoordinator.swift; sourceTree = "<group>"; };
		9CC46C0822161559005E24F5 /* SignInView.swift */ = {isa = PBXFileReference; lastKnownFileType = sourcecode.swift; path = SignInView.swift; sourceTree = "<group>"; };
		9CC46C0A22161562005E24F5 /* SignInPresenter.swift */ = {isa = PBXFileReference; lastKnownFileType = sourcecode.swift; path = SignInPresenter.swift; sourceTree = "<group>"; };
		9CC46C162216982E005E24F5 /* KeyboardManager.swift */ = {isa = PBXFileReference; lastKnownFileType = sourcecode.swift; path = KeyboardManager.swift; sourceTree = "<group>"; };
		9CC46C1922176B39005E24F5 /* AlertFactory.swift */ = {isa = PBXFileReference; lastKnownFileType = sourcecode.swift; path = AlertFactory.swift; sourceTree = "<group>"; };
		9CC46C1B22180B64005E24F5 /* ProfileContract.swift */ = {isa = PBXFileReference; lastKnownFileType = sourcecode.swift; path = ProfileContract.swift; sourceTree = "<group>"; };
		9CC46C1F22180B7B005E24F5 /* ProfileComponent.swift */ = {isa = PBXFileReference; lastKnownFileType = sourcecode.swift; path = ProfileComponent.swift; sourceTree = "<group>"; };
		9CC46C2122180B83005E24F5 /* ProfileBuilder.swift */ = {isa = PBXFileReference; lastKnownFileType = sourcecode.swift; path = ProfileBuilder.swift; sourceTree = "<group>"; };
		9CC46C2322180B8C005E24F5 /* ProfileScene.swift */ = {isa = PBXFileReference; lastKnownFileType = sourcecode.swift; path = ProfileScene.swift; sourceTree = "<group>"; };
		9CC46C2522180B95005E24F5 /* ProfileCoordinator.swift */ = {isa = PBXFileReference; lastKnownFileType = sourcecode.swift; path = ProfileCoordinator.swift; sourceTree = "<group>"; };
		9CC46C2722180B9F005E24F5 /* ProfileView.swift */ = {isa = PBXFileReference; lastKnownFileType = sourcecode.swift; path = ProfileView.swift; sourceTree = "<group>"; };
		9CC46C2922180BAD005E24F5 /* ProfilePresenter.swift */ = {isa = PBXFileReference; lastKnownFileType = sourcecode.swift; path = ProfilePresenter.swift; sourceTree = "<group>"; };
		9CC55240220AF8510004ACC4 /* eStore.app */ = {isa = PBXFileReference; explicitFileType = wrapper.application; includeInIndex = 0; path = eStore.app; sourceTree = BUILT_PRODUCTS_DIR; };
		9CC55243220AF8510004ACC4 /* AppDelegate.swift */ = {isa = PBXFileReference; lastKnownFileType = sourcecode.swift; path = AppDelegate.swift; sourceTree = "<group>"; };
		9CC5524A220AF8520004ACC4 /* Assets.xcassets */ = {isa = PBXFileReference; lastKnownFileType = folder.assetcatalog; path = Assets.xcassets; sourceTree = "<group>"; };
		9CC5524F220AF8520004ACC4 /* Info.plist */ = {isa = PBXFileReference; lastKnownFileType = text.plist.xml; path = Info.plist; sourceTree = "<group>"; };
		9CC55266220AFC8C0004ACC4 /* AppComponent.swift */ = {isa = PBXFileReference; lastKnownFileType = sourcecode.swift; path = AppComponent.swift; sourceTree = "<group>"; };
		9CC55268220AFCBC0004ACC4 /* RootCoordinator.swift */ = {isa = PBXFileReference; lastKnownFileType = sourcecode.swift; path = RootCoordinator.swift; sourceTree = "<group>"; };
		9CC5526A220AFCC30004ACC4 /* RootBuilder.swift */ = {isa = PBXFileReference; lastKnownFileType = sourcecode.swift; path = RootBuilder.swift; sourceTree = "<group>"; };
		9CD6A85A226E030900DF4C65 /* UITableView+Generic.swift */ = {isa = PBXFileReference; lastKnownFileType = sourcecode.swift; path = "UITableView+Generic.swift"; sourceTree = "<group>"; };
		9CD6A85C226E033700DF4C65 /* ReuseIdentifiable.swift */ = {isa = PBXFileReference; lastKnownFileType = sourcecode.swift; path = ReuseIdentifiable.swift; sourceTree = "<group>"; };
		9CD6A85E226E034C00DF4C65 /* NibLoadable.swift */ = {isa = PBXFileReference; lastKnownFileType = sourcecode.swift; path = NibLoadable.swift; sourceTree = "<group>"; };
		9CD6A860226E047800DF4C65 /* UICollectionView+Generic.swift */ = {isa = PBXFileReference; lastKnownFileType = sourcecode.swift; path = "UICollectionView+Generic.swift"; sourceTree = "<group>"; };
		9CD6A862226E06DE00DF4C65 /* SectionedMenuTableViewAdapter.swift */ = {isa = PBXFileReference; lastKnownFileType = sourcecode.swift; path = SectionedMenuTableViewAdapter.swift; sourceTree = "<group>"; };
		D5EFADDB5B92B2711B865C84 /* Pods-Tests.debug.xcconfig */ = {isa = PBXFileReference; includeInIndex = 1; lastKnownFileType = text.xcconfig; name = "Pods-Tests.debug.xcconfig"; path = "Pods/Target Support Files/Pods-Tests/Pods-Tests.debug.xcconfig"; sourceTree = "<group>"; };
		FA60869693AB83607A90AED6 /* Pods-eStore.release.xcconfig */ = {isa = PBXFileReference; includeInIndex = 1; lastKnownFileType = text.xcconfig; name = "Pods-eStore.release.xcconfig"; path = "Pods/Target Support Files/Pods-eStore/Pods-eStore.release.xcconfig"; sourceTree = "<group>"; };
/* End PBXFileReference section */

/* Begin PBXFrameworksBuildPhase section */
		9C83BBE6222C2D1500CBB1FF /* Frameworks */ = {
			isa = PBXFrameworksBuildPhase;
			buildActionMask = 2147483647;
			files = (
				C2B154AE864ADDB701A619CB /* Pods_Tests.framework in Frameworks */,
			);
			runOnlyForDeploymentPostprocessing = 0;
		};
		9CC5523D220AF8510004ACC4 /* Frameworks */ = {
			isa = PBXFrameworksBuildPhase;
			buildActionMask = 2147483647;
			files = (
				B67E8CAE13B88E6B24FADB3F /* Pods_eStore.framework in Frameworks */,
			);
			runOnlyForDeploymentPostprocessing = 0;
		};
/* End PBXFrameworksBuildPhase section */

/* Begin PBXGroup section */
		9C1C9620225F58C50055EE46 /* Themes */ = {
			isa = PBXGroup;
			children = (
				9C56E0FD225A76B100E72428 /* ThemeType.swift */,
				9C8FEBFD226B89A5007C30EB /* TintColorType.swift */,
				9C56E110225B5EF800E72428 /* ThemeManager.swift */,
				9C1C9621225F590F0055EE46 /* ThemeBuilder.swift */,
			);
			path = Themes;
			sourceTree = "<group>";
		};
		9C415BFA2260865E00658A2B /* Animations */ = {
			isa = PBXGroup;
			children = (
				9C415BFB2260868300658A2B /* CircularFillAnimation.swift */,
				9C415BFD226086B100658A2B /* Animation.swift */,
			);
			path = Animations;
			sourceTree = "<group>";
		};
		9C452FAA2242DAB300924FA5 /* Cart */ = {
			isa = PBXGroup;
			children = (
				9C452FBB2242E06F00924FA5 /* CartContentView */,
				9C452FAD2242DAEF00924FA5 /* CartContract.swift */,
				9C452FAF2242DAF800924FA5 /* CartComponent.swift */,
				9C452FB12242DB0000924FA5 /* CartBuilder.swift */,
				9C452FB32242DB0700924FA5 /* CartScene.swift */,
				9C452FB52242DB0F00924FA5 /* CartCoordinator.swift */,
				9C452FB72242DB1500924FA5 /* CartView.swift */,
				9C452FB92242DB1E00924FA5 /* CartPresenter.swift */,
			);
			path = Cart;
			sourceTree = "<group>";
		};
		9C452FBB2242E06F00924FA5 /* CartContentView */ = {
			isa = PBXGroup;
			children = (
				9C452FBC2242E07F00924FA5 /* CartTableViewCell.swift */,
				9C452FBE2242E08B00924FA5 /* CartTableViewDataSource.swift */,
			);
			path = CartContentView;
			sourceTree = "<group>";
		};
		9C56E0FA225A745C00E72428 /* UI */ = {
			isa = PBXGroup;
			children = (
				9CBBF7F2226762CF00424E37 /* Controls */,
				9C415BFA2260865E00658A2B /* Animations */,
				9C56E0FB225A747100E72428 /* Color.swift */,
				9C56E116225B5FA200E72428 /* Theme.swift */,
				9C56E118225B605000E72428 /* DarkTheme.swift */,
				9C56E11A225B692200E72428 /* LightTheme.swift */,
				9C1C9623225F5C550055EE46 /* ThemeUpdatable.swift */,
				9C86D93E22AA418500E2E92B /* AlertDisplayable.swift */,
			);
			path = UI;
			sourceTree = "<group>";
		};
		9C56E0FF225A937000E72428 /* Theme */ = {
			isa = PBXGroup;
			children = (
				9C8FEC01226B9517007C30EB /* ThemeSettingsContentView */,
				9C56E100225A93C000E72428 /* ThemeSettingsContract.swift */,
				9C56E102225A93C700E72428 /* ThemeSettingsComponent.swift */,
				9C56E104225A93CD00E72428 /* ThemeSettingsBuilder.swift */,
				9C56E106225A93D200E72428 /* ThemeSettingsScene.swift */,
				9C56E108225A93D900E72428 /* ThemeSettingsCoordinator.swift */,
				9C56E10A225A93E000E72428 /* ThemeSettingsView.swift */,
				9C56E10C225A93E700E72428 /* ThemeSettingsPresenter.swift */,
			);
			path = Theme;
			sourceTree = "<group>";
		};
		9C83BB95222A9CD400CBB1FF /* Networking */ = {
			isa = PBXGroup;
			children = (
				9C76ABB022359F8400FB39DA /* ProductsService.swift */,
			);
			path = Networking;
			sourceTree = "<group>";
		};
		9C83BBEA222C2D1500CBB1FF /* Tests */ = {
			isa = PBXGroup;
			children = (
				9C3E6254226F8D4800C7DF40 /* TempTest.swift */,
				9C83BBED222C2D1500CBB1FF /* Info.plist */,
			);
			path = Tests;
			sourceTree = "<group>";
		};
		9C83BBFD222EAEAC00CBB1FF /* ProductDescription */ = {
			isa = PBXGroup;
			children = (
				9C83BC0C222EF34E00CBB1FF /* ProductDescriptionContentView */,
				9C83BBFE222EAECF00CBB1FF /* ProductDescriptionContract.swift */,
				9C83BC00222EAED800CBB1FF /* ProductDescriptionComponent.swift */,
				9C83BC02222EAEE100CBB1FF /* ProductDescriptionBuilder.swift */,
				9C83BC04222EAEEB00CBB1FF /* ProductDescriptionScene.swift */,
				9C83BC06222EAEF700CBB1FF /* ProductDescriptionCoordinator.swift */,
				9C83BC08222EAEFF00CBB1FF /* ProductDescriptionView.swift */,
				9C83BC0A222EAF0700CBB1FF /* ProductDescriptionPresenter.swift */,
			);
			path = ProductDescription;
			sourceTree = "<group>";
		};
		9C83BC0C222EF34E00CBB1FF /* ProductDescriptionContentView */ = {
			isa = PBXGroup;
			children = (
				9C83BC11222EFCC300CBB1FF /* ProductDescriptionTableViewCell.swift */,
				9C83BC0D222EF5D100CBB1FF /* ProductDescriptionTableViewDataSource.swift */,
				9CBC2818223B839D0091082B /* ProductDescriptionTableHeaderCell.swift */,
				9C9C73C9223CF92A00C4B5EE /* ProductDescriptionTablePriceCell.swift */,
			);
			path = ProductDescriptionContentView;
			sourceTree = "<group>";
		};
		9C8FEC01226B9517007C30EB /* ThemeSettingsContentView */ = {
			isa = PBXGroup;
			children = (
				9C8FEC02226B952A007C30EB /* ThemeSettingsColorPickerView.swift */,
				9C8FEC06226B9553007C30EB /* ThemeSettingsColorPickerViewCell.swift */,
			);
			path = ThemeSettingsContentView;
			sourceTree = "<group>";
		};
		9CA418D2221D878500BAF215 /* Entities */ = {
			isa = PBXGroup;
			children = (
				9CA418D3221D879C00BAF215 /* StoreItem.swift */,
				9CA418D5221D883700BAF215 /* Smartphone.swift */,
				9CA418D9221D884900BAF215 /* Laptop.swift */,
				9CA418D7221D883F00BAF215 /* TV.swift */,
				9CA418DD221D898300BAF215 /* Display.swift */,
				9CA418DF221D8A0900BAF215 /* OperatingSystem.swift */,
				9C76ABAC22357FCC00FB39DA /* Specification.swift */,
				9C76ABAE223588D900FB39DA /* ProductType.swift */,
			);
			path = Entities;
			sourceTree = "<group>";
		};
		9CA418E1221D8CD300BAF215 /* Catalog */ = {
			isa = PBXGroup;
			children = (
				9CA4191C2222CCB600BAF215 /* CatalogContentView */,
				9CA418E2221D8CEC00BAF215 /* CatalogContract.swift */,
				9CA418E4221D8CF400BAF215 /* CatalogComponent.swift */,
				9CA418E6221D8CFC00BAF215 /* CatalogBuilder.swift */,
				9CA418E8221D8D0500BAF215 /* CatalogScene.swift */,
				9CA418EA221D8D0D00BAF215 /* CatalogCoordinator.swift */,
				9CA418EC221D8D1600BAF215 /* CatalogView.swift */,
				9CA418EE221D8D1F00BAF215 /* CatalogPresenter.swift */,
			);
			path = Catalog;
			sourceTree = "<group>";
		};
		9CA4191C2222CCB600BAF215 /* CatalogContentView */ = {
			isa = PBXGroup;
			children = (
				9CA4191A2222CC9500BAF215 /* CategoryTableViewCell.swift */,
				9CA4191D2222CF0B00BAF215 /* CategoryTableViewDataSource.swift */,
				9CA4191F2222D6E900BAF215 /* Category.swift */,
			);
			path = CatalogContentView;
			sourceTree = "<group>";
		};
		9CA41922222324AF00BAF215 /* ProductsList */ = {
			isa = PBXGroup;
			children = (
				9CA4193222251C2100BAF215 /* ProductsListContentView */,
				9CA41923222324DE00BAF215 /* ProductsListContract.swift */,
				9CA41925222324E800BAF215 /* ProductsListComponent.swift */,
				9CA41927222324EF00BAF215 /* ProductsListBuilder.swift */,
				9CA41929222324F800BAF215 /* ProductsListScene.swift */,
				9CA4192B2223250200BAF215 /* ProductsListCoordinator.swift */,
				9CA4192D2223250A00BAF215 /* ProductsListView.swift */,
				9CA4192F2223251200BAF215 /* ProductsListPresenter.swift */,
			);
			path = ProductsList;
			sourceTree = "<group>";
		};
		9CA4193222251C2100BAF215 /* ProductsListContentView */ = {
			isa = PBXGroup;
			children = (
				9CA4193322251C5600BAF215 /* ProductsListTableViewCell.swift */,
				9C83BB93222A591A00CBB1FF /* ProductsListTableViewDataSource.swift */,
			);
			path = ProductsListContentView;
			sourceTree = "<group>";
		};
		9CBBF7F2226762CF00424E37 /* Controls */ = {
			isa = PBXGroup;
			children = (
				9CBBF7F72267676C00424E37 /* SectionedMenuView.swift */,
				9CD6A862226E06DE00DF4C65 /* SectionedMenuTableViewAdapter.swift */,
				9CBBF7FA22676B1E00424E37 /* SectionedMenuRegularCell.swift */,
				9C8FEBFF226B8EF7007C30EB /* SectionedMenuColorPickerCell.swift */,
				9CBBF8032267D68100424E37 /* SectionedMenuThumbnailCell.swift */,
			);
			path = Controls;
			sourceTree = "<group>";
		};
		9CBC281A223BC5850091082B /* Utils */ = {
			isa = PBXGroup;
			children = (
				9CBC281B223BC5A70091082B /* UIImageView+Downloaded.swift */,
				9CD6A85A226E030900DF4C65 /* UITableView+Generic.swift */,
				9CD6A860226E047800DF4C65 /* UICollectionView+Generic.swift */,
				9CD6A85C226E033700DF4C65 /* ReuseIdentifiable.swift */,
				9CD6A85E226E034C00DF4C65 /* NibLoadable.swift */,
			);
			path = Utils;
			sourceTree = "<group>";
		};
		9CC46BAE2214719D005E24F5 /* Module */ = {
			isa = PBXGroup;
			children = (
				9CC46BAF2214719D005E24F5 /* Coordinator.swift */,
			);
			path = Module;
			sourceTree = "<group>";
		};
		9CC46BB12214C393005E24F5 /* Auth */ = {
			isa = PBXGroup;
			children = (
				9CC46BB22214C3AD005E24F5 /* AuthContract.swift */,
				9CC46BB42214C3B7005E24F5 /* AuthComponent.swift */,
				9CC46BB62214C3FC005E24F5 /* AuthBuilder.swift */,
				9CC46BB82214C409005E24F5 /* AuthScene.swift */,
				9CC46BBA2214C412005E24F5 /* AuthCoordinator.swift */,
				9CC46BBC2214C41B005E24F5 /* AuthView.swift */,
				9CC46BBE2214C425005E24F5 /* AuthPresenter.swift */,
			);
			path = Auth;
			sourceTree = "<group>";
		};
		9CC46BC02215387B005E24F5 /* SignUp */ = {
			isa = PBXGroup;
			children = (
				9CC46BC7221538F8005E24F5 /* SignUpContract.swift */,
				9CC46BCB22153908005E24F5 /* SignUpBuilder.swift */,
				9CC46BCD2215390F005E24F5 /* SignUpScene.swift */,
				9CC46BCF22153918005E24F5 /* SignUpCoordinator.swift */,
				9CC46BD32215392A005E24F5 /* SignUpView.swift */,
				9CC46BD522153932005E24F5 /* SignUpPresenter.swift */,
			);
			path = SignUp;
			sourceTree = "<group>";
		};
		9CC46BFD221614CD005E24F5 /* SignIn */ = {
			isa = PBXGroup;
			children = (
				9CC46BFE22161529005E24F5 /* SignInContract.swift */,
				9CC46C022216153A005E24F5 /* SignInBuilder.swift */,
				9CC46C0422161548005E24F5 /* SignInScene.swift */,
				9CC46C062216154F005E24F5 /* SignInCoordinator.swift */,
				9CC46C0822161559005E24F5 /* SignInView.swift */,
				9CC46C0A22161562005E24F5 /* SignInPresenter.swift */,
			);
			path = SignIn;
			sourceTree = "<group>";
		};
		9CC46C1822176B28005E24F5 /* Helpers */ = {
			isa = PBXGroup;
			children = (
				9C1C9620225F58C50055EE46 /* Themes */,
				9CC46C162216982E005E24F5 /* KeyboardManager.swift */,
				9CC46C1922176B39005E24F5 /* AlertFactory.swift */,
				9C56E10E225A950A00E72428 /* UserDefaultsManager.swift */,
				9C56E112225B5F0200E72428 /* ThemeObserver.swift */,
				9C56E114225B5F0A00E72428 /* WeakRef.swift */,
			);
			path = Helpers;
			sourceTree = "<group>";
		};
		9CC55237220AF8510004ACC4 = {
			isa = PBXGroup;
			children = (
				9CC55242220AF8510004ACC4 /* eStore */,
				9C83BBEA222C2D1500CBB1FF /* Tests */,
				9CC55241220AF8510004ACC4 /* Products */,
				B2D5710387B01CFBF94F9DB4 /* Pods */,
				F414C8C4A7796EA617AAD509 /* Frameworks */,
			);
			sourceTree = "<group>";
		};
		9CC55241220AF8510004ACC4 /* Products */ = {
			isa = PBXGroup;
			children = (
				9CC55240220AF8510004ACC4 /* eStore.app */,
				9C83BBE9222C2D1500CBB1FF /* Tests.xctest */,
			);
			name = Products;
			sourceTree = "<group>";
		};
		9CC55242220AF8510004ACC4 /* eStore */ = {
			isa = PBXGroup;
			children = (
				9CC55255220AF89E0004ACC4 /* Application */,
				9CC55257220AF8CA0004ACC4 /* Core */,
				9CC55256220AF8B50004ACC4 /* Scenes */,
				9CC5524A220AF8520004ACC4 /* Assets.xcassets */,
				9CC5524F220AF8520004ACC4 /* Info.plist */,
			);
			path = eStore;
			sourceTree = "<group>";
		};
		9CC55255220AF89E0004ACC4 /* Application */ = {
			isa = PBXGroup;
			children = (
				9CC55243220AF8510004ACC4 /* AppDelegate.swift */,
				9CC55266220AFC8C0004ACC4 /* AppComponent.swift */,
			);
			path = Application;
			sourceTree = "<group>";
		};
		9CC55256220AF8B50004ACC4 /* Scenes */ = {
			isa = PBXGroup;
			children = (
				9CC5525A220AFB730004ACC4 /* Root */,
				9CC46BB12214C393005E24F5 /* Auth */,
				9CC46BFD221614CD005E24F5 /* SignIn */,
				9CC46BC02215387B005E24F5 /* SignUp */,
				9CC5525B220AFB810004ACC4 /* Dashboard */,
				9CA418E1221D8CD300BAF215 /* Catalog */,
				9CA41922222324AF00BAF215 /* ProductsList */,
				9C83BBFD222EAEAC00CBB1FF /* ProductDescription */,
				9C452FAA2242DAB300924FA5 /* Cart */,
				9CC5525D220AFBB00004ACC4 /* Profile */,
				9C56E0FF225A937000E72428 /* Theme */,
			);
			path = Scenes;
			sourceTree = "<group>";
		};
		9CC55257220AF8CA0004ACC4 /* Core */ = {
			isa = PBXGroup;
			children = (
				9C83BB95222A9CD400CBB1FF /* Networking */,
				9CA418D2221D878500BAF215 /* Entities */,
				9CC46C1822176B28005E24F5 /* Helpers */,
				9CC46BAE2214719D005E24F5 /* Module */,
				9C56E0FA225A745C00E72428 /* UI */,
				9CC55259220AF93A0004ACC4 /* Services */,
				9CBC281A223BC5850091082B /* Utils */,
			);
			path = Core;
			sourceTree = "<group>";
		};
		9CC55259220AF93A0004ACC4 /* Services */ = {
			isa = PBXGroup;
			children = (
			);
			path = Services;
			sourceTree = "<group>";
		};
		9CC5525A220AFB730004ACC4 /* Root */ = {
			isa = PBXGroup;
			children = (
				9CC46B86221405B1005E24F5 /* RootContract.swift */,
				9CC46B88221405C6005E24F5 /* RootComponent.swift */,
				9CC5526A220AFCC30004ACC4 /* RootBuilder.swift */,
				9CC46B8A221405DF005E24F5 /* RootScene.swift */,
				9CC55268220AFCBC0004ACC4 /* RootCoordinator.swift */,
				9CC46B8E22140617005E24F5 /* RootView.swift */,
				9CC46B9022140623005E24F5 /* RootPresenter.swift */,
			);
			path = Root;
			sourceTree = "<group>";
		};
		9CC5525B220AFB810004ACC4 /* Dashboard */ = {
			isa = PBXGroup;
			children = (
				9CC46B9722141058005E24F5 /* DashboardContract.swift */,
				9CC46B9922141061005E24F5 /* DashboardComponent.swift */,
				9CC46B9B2214106B005E24F5 /* DashboardBuilder.swift */,
				9CC46B9D22141072005E24F5 /* DashboardScene.swift */,
				9CC46B9F2214107A005E24F5 /* DashboardCoordinator.swift */,
				9CC46BA122141088005E24F5 /* DashboardView.swift */,
				9CC46BA322141090005E24F5 /* DashboardPresenter.swift */,
			);
			path = Dashboard;
			sourceTree = "<group>";
		};
		9CC5525D220AFBB00004ACC4 /* Profile */ = {
			isa = PBXGroup;
			children = (
				9CC46C1B22180B64005E24F5 /* ProfileContract.swift */,
				9CC46C1F22180B7B005E24F5 /* ProfileComponent.swift */,
				9CC46C2122180B83005E24F5 /* ProfileBuilder.swift */,
				9CC46C2322180B8C005E24F5 /* ProfileScene.swift */,
				9CC46C2522180B95005E24F5 /* ProfileCoordinator.swift */,
				9CC46C2722180B9F005E24F5 /* ProfileView.swift */,
				9CC46C2922180BAD005E24F5 /* ProfilePresenter.swift */,
			);
			path = Profile;
			sourceTree = "<group>";
		};
		B2D5710387B01CFBF94F9DB4 /* Pods */ = {
			isa = PBXGroup;
			children = (
				9636105CD80314886F52C479 /* Pods-eStore.debug.xcconfig */,
				FA60869693AB83607A90AED6 /* Pods-eStore.release.xcconfig */,
				D5EFADDB5B92B2711B865C84 /* Pods-Tests.debug.xcconfig */,
				54FCAB27BD45A8EE1C80EED6 /* Pods-Tests.release.xcconfig */,
			);
			name = Pods;
			sourceTree = "<group>";
		};
		F414C8C4A7796EA617AAD509 /* Frameworks */ = {
			isa = PBXGroup;
			children = (
				4D504EA2333F7424597DD971 /* Pods_eStore.framework */,
				729C066A86EECB57EB23A9B3 /* Pods_Tests.framework */,
			);
			name = Frameworks;
			sourceTree = "<group>";
		};
/* End PBXGroup section */

/* Begin PBXNativeTarget section */
		9C83BBE8222C2D1500CBB1FF /* Tests */ = {
			isa = PBXNativeTarget;
			buildConfigurationList = 9C83BBF2222C2D1500CBB1FF /* Build configuration list for PBXNativeTarget "Tests" */;
			buildPhases = (
				E3F727956F3C3FFC22D354FC /* [CP] Check Pods Manifest.lock */,
				9C83BBE5222C2D1500CBB1FF /* Sources */,
				9C83BBE6222C2D1500CBB1FF /* Frameworks */,
				9C83BBE7222C2D1500CBB1FF /* Resources */,
				7CDF3D7EACE3DA6487D6D1F8 /* [CP] Embed Pods Frameworks */,
			);
			buildRules = (
			);
			dependencies = (
				9C83BBEF222C2D1500CBB1FF /* PBXTargetDependency */,
			);
			name = Tests;
			productName = Tests;
			productReference = 9C83BBE9222C2D1500CBB1FF /* Tests.xctest */;
			productType = "com.apple.product-type.bundle.unit-test";
		};
		9CC5523F220AF8510004ACC4 /* eStore */ = {
			isa = PBXNativeTarget;
			buildConfigurationList = 9CC55252220AF8520004ACC4 /* Build configuration list for PBXNativeTarget "eStore" */;
			buildPhases = (
				FC6F64DAC5551F595CE044C2 /* [CP] Check Pods Manifest.lock */,
				9CC5523C220AF8510004ACC4 /* Sources */,
				9CC5523D220AF8510004ACC4 /* Frameworks */,
				9CC5523E220AF8510004ACC4 /* Resources */,
				7C92FD3F297AED6B7BFF9C30 /* [CP] Embed Pods Frameworks */,
			);
			buildRules = (
			);
			dependencies = (
			);
			name = eStore;
			productName = uTable;
			productReference = 9CC55240220AF8510004ACC4 /* eStore.app */;
			productType = "com.apple.product-type.application";
		};
/* End PBXNativeTarget section */

/* Begin PBXProject section */
		9CC55238220AF8510004ACC4 /* Project object */ = {
			isa = PBXProject;
			attributes = {
				LastSwiftUpdateCheck = 1010;
				LastUpgradeCheck = 1010;
				ORGANIZATIONNAME = "Vladislav Kondrashkov";
				TargetAttributes = {
					9C83BBE8222C2D1500CBB1FF = {
						CreatedOnToolsVersion = 10.1;
						LastSwiftMigration = 1020;
						TestTargetID = 9CC5523F220AF8510004ACC4;
					};
					9CC5523F220AF8510004ACC4 = {
						CreatedOnToolsVersion = 10.1;
						LastSwiftMigration = 1010;
					};
				};
			};
			buildConfigurationList = 9CC5523B220AF8510004ACC4 /* Build configuration list for PBXProject "eStore" */;
			compatibilityVersion = "Xcode 9.3";
			developmentRegion = en;
			hasScannedForEncodings = 0;
			knownRegions = (
				en,
				Base,
			);
			mainGroup = 9CC55237220AF8510004ACC4;
			productRefGroup = 9CC55241220AF8510004ACC4 /* Products */;
			projectDirPath = "";
			projectRoot = "";
			targets = (
				9CC5523F220AF8510004ACC4 /* eStore */,
				9C83BBE8222C2D1500CBB1FF /* Tests */,
			);
		};
/* End PBXProject section */

/* Begin PBXResourcesBuildPhase section */
		9C83BBE7222C2D1500CBB1FF /* Resources */ = {
			isa = PBXResourcesBuildPhase;
			buildActionMask = 2147483647;
			files = (
			);
			runOnlyForDeploymentPostprocessing = 0;
		};
		9CC5523E220AF8510004ACC4 /* Resources */ = {
			isa = PBXResourcesBuildPhase;
			buildActionMask = 2147483647;
			files = (
				9CC5524B220AF8520004ACC4 /* Assets.xcassets in Resources */,
			);
			runOnlyForDeploymentPostprocessing = 0;
		};
/* End PBXResourcesBuildPhase section */

/* Begin PBXShellScriptBuildPhase section */
		7C92FD3F297AED6B7BFF9C30 /* [CP] Embed Pods Frameworks */ = {
			isa = PBXShellScriptBuildPhase;
			buildActionMask = 2147483647;
			files = (
			);
			inputFileListPaths = (
			);
			inputPaths = (
				"${PODS_ROOT}/Target Support Files/Pods-eStore/Pods-eStore-frameworks.sh",
				"${BUILT_PRODUCTS_DIR}/ObjectMapper/ObjectMapper.framework",
				"${BUILT_PRODUCTS_DIR}/SnapKit/SnapKit.framework",
			);
			name = "[CP] Embed Pods Frameworks";
			outputFileListPaths = (
			);
			outputPaths = (
				"${TARGET_BUILD_DIR}/${FRAMEWORKS_FOLDER_PATH}/ObjectMapper.framework",
				"${TARGET_BUILD_DIR}/${FRAMEWORKS_FOLDER_PATH}/SnapKit.framework",
			);
			runOnlyForDeploymentPostprocessing = 0;
			shellPath = /bin/sh;
			shellScript = "\"${PODS_ROOT}/Target Support Files/Pods-eStore/Pods-eStore-frameworks.sh\"\n";
			showEnvVarsInLog = 0;
		};
		7CDF3D7EACE3DA6487D6D1F8 /* [CP] Embed Pods Frameworks */ = {
			isa = PBXShellScriptBuildPhase;
			buildActionMask = 2147483647;
			files = (
			);
			inputFileListPaths = (
			);
			inputPaths = (
				"${PODS_ROOT}/Target Support Files/Pods-Tests/Pods-Tests-frameworks.sh",
				"${BUILT_PRODUCTS_DIR}/Nimble/Nimble.framework",
				"${BUILT_PRODUCTS_DIR}/Quick/Quick.framework",
			);
			name = "[CP] Embed Pods Frameworks";
			outputFileListPaths = (
			);
			outputPaths = (
				"${TARGET_BUILD_DIR}/${FRAMEWORKS_FOLDER_PATH}/Nimble.framework",
				"${TARGET_BUILD_DIR}/${FRAMEWORKS_FOLDER_PATH}/Quick.framework",
			);
			runOnlyForDeploymentPostprocessing = 0;
			shellPath = /bin/sh;
			shellScript = "\"${PODS_ROOT}/Target Support Files/Pods-Tests/Pods-Tests-frameworks.sh\"\n";
			showEnvVarsInLog = 0;
		};
		E3F727956F3C3FFC22D354FC /* [CP] Check Pods Manifest.lock */ = {
			isa = PBXShellScriptBuildPhase;
			buildActionMask = 2147483647;
			files = (
			);
			inputFileListPaths = (
			);
			inputPaths = (
				"${PODS_PODFILE_DIR_PATH}/Podfile.lock",
				"${PODS_ROOT}/Manifest.lock",
			);
			name = "[CP] Check Pods Manifest.lock";
			outputFileListPaths = (
			);
			outputPaths = (
				"$(DERIVED_FILE_DIR)/Pods-Tests-checkManifestLockResult.txt",
			);
			runOnlyForDeploymentPostprocessing = 0;
			shellPath = /bin/sh;
			shellScript = "diff \"${PODS_PODFILE_DIR_PATH}/Podfile.lock\" \"${PODS_ROOT}/Manifest.lock\" > /dev/null\nif [ $? != 0 ] ; then\n    # print error to STDERR\n    echo \"error: The sandbox is not in sync with the Podfile.lock. Run 'pod install' or update your CocoaPods installation.\" >&2\n    exit 1\nfi\n# This output is used by Xcode 'outputs' to avoid re-running this script phase.\necho \"SUCCESS\" > \"${SCRIPT_OUTPUT_FILE_0}\"\n";
			showEnvVarsInLog = 0;
		};
		FC6F64DAC5551F595CE044C2 /* [CP] Check Pods Manifest.lock */ = {
			isa = PBXShellScriptBuildPhase;
			buildActionMask = 2147483647;
			files = (
			);
			inputFileListPaths = (
			);
			inputPaths = (
				"${PODS_PODFILE_DIR_PATH}/Podfile.lock",
				"${PODS_ROOT}/Manifest.lock",
			);
			name = "[CP] Check Pods Manifest.lock";
			outputFileListPaths = (
			);
			outputPaths = (
				"$(DERIVED_FILE_DIR)/Pods-eStore-checkManifestLockResult.txt",
			);
			runOnlyForDeploymentPostprocessing = 0;
			shellPath = /bin/sh;
			shellScript = "diff \"${PODS_PODFILE_DIR_PATH}/Podfile.lock\" \"${PODS_ROOT}/Manifest.lock\" > /dev/null\nif [ $? != 0 ] ; then\n    # print error to STDERR\n    echo \"error: The sandbox is not in sync with the Podfile.lock. Run 'pod install' or update your CocoaPods installation.\" >&2\n    exit 1\nfi\n# This output is used by Xcode 'outputs' to avoid re-running this script phase.\necho \"SUCCESS\" > \"${SCRIPT_OUTPUT_FILE_0}\"\n";
			showEnvVarsInLog = 0;
		};
/* End PBXShellScriptBuildPhase section */

/* Begin PBXSourcesBuildPhase section */
		9C83BBE5222C2D1500CBB1FF /* Sources */ = {
			isa = PBXSourcesBuildPhase;
			buildActionMask = 2147483647;
			files = (
				9C3E6255226F8D4900C7DF40 /* TempTest.swift in Sources */,
			);
			runOnlyForDeploymentPostprocessing = 0;
		};
		9CC5523C220AF8510004ACC4 /* Sources */ = {
			isa = PBXSourcesBuildPhase;
			buildActionMask = 2147483647;
			files = (
				9CC46B87221405B1005E24F5 /* RootContract.swift in Sources */,
				9CA418E5221D8CF400BAF215 /* CatalogComponent.swift in Sources */,
				9CC46BD622153932005E24F5 /* SignUpPresenter.swift in Sources */,
				9CA419202222D6E900BAF215 /* Category.swift in Sources */,
				9C56E11B225B692200E72428 /* LightTheme.swift in Sources */,
				9C8FEC03226B952A007C30EB /* ThemeSettingsColorPickerView.swift in Sources */,
				9C56E113225B5F0200E72428 /* ThemeObserver.swift in Sources */,
				9CA418DA221D884900BAF215 /* Laptop.swift in Sources */,
				9CA418D4221D879C00BAF215 /* StoreItem.swift in Sources */,
				9C452FB22242DB0000924FA5 /* CartBuilder.swift in Sources */,
				9CC46BB72214C3FC005E24F5 /* AuthBuilder.swift in Sources */,
				9CC46BD022153918005E24F5 /* SignUpCoordinator.swift in Sources */,
				9CA41924222324DE00BAF215 /* ProductsListContract.swift in Sources */,
				9CA418EB221D8D0D00BAF215 /* CatalogCoordinator.swift in Sources */,
				9CC46BA222141088005E24F5 /* DashboardView.swift in Sources */,
				9C83BC12222EFCC300CBB1FF /* ProductDescriptionTableViewCell.swift in Sources */,
				9CBBF7F82267676C00424E37 /* SectionedMenuView.swift in Sources */,
				9C452FB62242DB0F00924FA5 /* CartCoordinator.swift in Sources */,
				9CC46BA422141090005E24F5 /* DashboardPresenter.swift in Sources */,
				9C8FEBFE226B89A5007C30EB /* TintColorType.swift in Sources */,
				9CC46C0B22161562005E24F5 /* SignInPresenter.swift in Sources */,
				9CC46BB32214C3AD005E24F5 /* AuthContract.swift in Sources */,
				9CC46BA02214107A005E24F5 /* DashboardCoordinator.swift in Sources */,
				9C56E115225B5F0A00E72428 /* WeakRef.swift in Sources */,
				9C83BBFF222EAECF00CBB1FF /* ProductDescriptionContract.swift in Sources */,
				9C452FB02242DAF800924FA5 /* CartComponent.swift in Sources */,
				9CC46BBD2214C41B005E24F5 /* AuthView.swift in Sources */,
				9CC46BBB2214C412005E24F5 /* AuthCoordinator.swift in Sources */,
				9CC46B9E22141072005E24F5 /* DashboardScene.swift in Sources */,
				9C56E111225B5EF800E72428 /* ThemeManager.swift in Sources */,
				9CA4192E2223250A00BAF215 /* ProductsListView.swift in Sources */,
				9CC46C2222180B83005E24F5 /* ProfileBuilder.swift in Sources */,
				9CC55244220AF8510004ACC4 /* AppDelegate.swift in Sources */,
				9CC46B9A22141061005E24F5 /* DashboardComponent.swift in Sources */,
				9CC46BB92214C409005E24F5 /* AuthScene.swift in Sources */,
				9C452FBF2242E08B00924FA5 /* CartTableViewDataSource.swift in Sources */,
				9C83BC07222EAEF700CBB1FF /* ProductDescriptionCoordinator.swift in Sources */,
				9CC46BC8221538F8005E24F5 /* SignUpContract.swift in Sources */,
				9CC46B89221405C6005E24F5 /* RootComponent.swift in Sources */,
				9C452FB42242DB0700924FA5 /* CartScene.swift in Sources */,
				9C56E103225A93C700E72428 /* ThemeSettingsComponent.swift in Sources */,
				9C8FEC00226B8EF7007C30EB /* SectionedMenuColorPickerCell.swift in Sources */,
				9CA418ED221D8D1600BAF215 /* CatalogView.swift in Sources */,
				9CC46C0922161559005E24F5 /* SignInView.swift in Sources */,
				9CC46B9822141058005E24F5 /* DashboardContract.swift in Sources */,
				9CD6A85F226E034C00DF4C65 /* NibLoadable.swift in Sources */,
				9CC46C2822180B9F005E24F5 /* ProfileView.swift in Sources */,
				9CC46BD42215392A005E24F5 /* SignUpView.swift in Sources */,
				9CC46C172216982E005E24F5 /* KeyboardManager.swift in Sources */,
				9C415BFE226086B100658A2B /* Animation.swift in Sources */,
				9CD6A85D226E033700DF4C65 /* ReuseIdentifiable.swift in Sources */,
				9CA41926222324E800BAF215 /* ProductsListComponent.swift in Sources */,
				9CA418D6221D883700BAF215 /* Smartphone.swift in Sources */,
				9CD6A863226E06DE00DF4C65 /* SectionedMenuTableViewAdapter.swift in Sources */,
				9CA4192C2223250200BAF215 /* ProductsListCoordinator.swift in Sources */,
				9C56E107225A93D200E72428 /* ThemeSettingsScene.swift in Sources */,
				9CA4192A222324F800BAF215 /* ProductsListScene.swift in Sources */,
				9CBBF8042267D68100424E37 /* SectionedMenuThumbnailCell.swift in Sources */,
				9CC46C2A22180BAD005E24F5 /* ProfilePresenter.swift in Sources */,
				9CA41928222324EF00BAF215 /* ProductsListBuilder.swift in Sources */,
				9CC46B9C2214106B005E24F5 /* DashboardBuilder.swift in Sources */,
				9C56E0FE225A76B100E72428 /* ThemeType.swift in Sources */,
				9C1C9624225F5C550055EE46 /* ThemeUpdatable.swift in Sources */,
				9C83BC03222EAEE100CBB1FF /* ProductDescriptionBuilder.swift in Sources */,
				9CA418DE221D898300BAF215 /* Display.swift in Sources */,
				9CA418E9221D8D0500BAF215 /* CatalogScene.swift in Sources */,
				9CC46C0522161548005E24F5 /* SignInScene.swift in Sources */,
				9CC46BB02214719D005E24F5 /* Coordinator.swift in Sources */,
				9C83BC01222EAED800CBB1FF /* ProductDescriptionComponent.swift in Sources */,
				9CA4191B2222CC9500BAF215 /* CategoryTableViewCell.swift in Sources */,
				9C56E105225A93CE00E72428 /* ThemeSettingsBuilder.swift in Sources */,
				9CA418D8221D883F00BAF215 /* TV.swift in Sources */,
				9CC46BBF2214C425005E24F5 /* AuthPresenter.swift in Sources */,
				9C83BC05222EAEEB00CBB1FF /* ProductDescriptionScene.swift in Sources */,
				9CC46C0722161550005E24F5 /* SignInCoordinator.swift in Sources */,
				9CBBF7FB22676B1E00424E37 /* SectionedMenuRegularCell.swift in Sources */,
				9C83BB94222A591A00CBB1FF /* ProductsListTableViewDataSource.swift in Sources */,
				9C56E10F225A950A00E72428 /* UserDefaultsManager.swift in Sources */,
				9C56E117225B5FA200E72428 /* Theme.swift in Sources */,
				9CA418E0221D8A0900BAF215 /* OperatingSystem.swift in Sources */,
				9CC46BFF22161529005E24F5 /* SignInContract.swift in Sources */,
				9C83BC09222EAEFF00CBB1FF /* ProductDescriptionView.swift in Sources */,
				9C452FAE2242DAEF00924FA5 /* CartContract.swift in Sources */,
				9C452FBD2242E07F00924FA5 /* CartTableViewCell.swift in Sources */,
				9CC46C1C22180B64005E24F5 /* ProfileContract.swift in Sources */,
				9CC46B8F22140617005E24F5 /* RootView.swift in Sources */,
				9CA418E3221D8CEC00BAF215 /* CatalogContract.swift in Sources */,
				9CBC281C223BC5A70091082B /* UIImageView+Downloaded.swift in Sources */,
				9CC46C2022180B7B005E24F5 /* ProfileComponent.swift in Sources */,
				9C415BFC2260868300658A2B /* CircularFillAnimation.swift in Sources */,
				9CC55267220AFC8C0004ACC4 /* AppComponent.swift in Sources */,
				9CA4193422251C5600BAF215 /* ProductsListTableViewCell.swift in Sources */,
				9C452FBA2242DB1E00924FA5 /* CartPresenter.swift in Sources */,
				9C83BC0B222EAF0700CBB1FF /* ProductDescriptionPresenter.swift in Sources */,
				9CC46C1A22176B39005E24F5 /* AlertFactory.swift in Sources */,
				9CD6A861226E047800DF4C65 /* UICollectionView+Generic.swift in Sources */,
				9C9C73CA223CF92A00C4B5EE /* ProductDescriptionTablePriceCell.swift in Sources */,
				9C83BC0E222EF5D100CBB1FF /* ProductDescriptionTableViewDataSource.swift in Sources */,
				9C452FB82242DB1500924FA5 /* CartView.swift in Sources */,
				9CA4191E2222CF0B00BAF215 /* CategoryTableViewDataSource.swift in Sources */,
				9CC46C032216153A005E24F5 /* SignInBuilder.swift in Sources */,
				9C56E109225A93D900E72428 /* ThemeSettingsCoordinator.swift in Sources */,
				9CBC2819223B839D0091082B /* ProductDescriptionTableHeaderCell.swift in Sources */,
				9C8FEC07226B9553007C30EB /* ThemeSettingsColorPickerViewCell.swift in Sources */,
				9CA419302223251200BAF215 /* ProductsListPresenter.swift in Sources */,
				9C56E101225A93C000E72428 /* ThemeSettingsContract.swift in Sources */,
				9C56E10D225A93E700E72428 /* ThemeSettingsPresenter.swift in Sources */,
				9CD6A85B226E030900DF4C65 /* UITableView+Generic.swift in Sources */,
				9CC46C2422180B8C005E24F5 /* ProfileScene.swift in Sources */,
				9CC46BCC22153908005E24F5 /* SignUpBuilder.swift in Sources */,
				9C86D93F22AA418500E2E92B /* AlertDisplayable.swift in Sources */,
				9CA418E7221D8CFC00BAF215 /* CatalogBuilder.swift in Sources */,
				9C56E0FC225A747100E72428 /* Color.swift in Sources */,
				9C76ABB122359F8400FB39DA /* ProductsService.swift in Sources */,
				9C56E119225B605000E72428 /* DarkTheme.swift in Sources */,
				9C76ABAD22357FCC00FB39DA /* Specification.swift in Sources */,
				9CC46B9122140623005E24F5 /* RootPresenter.swift in Sources */,
				9CC55269220AFCBC0004ACC4 /* RootCoordinator.swift in Sources */,
				9C1C9622225F590F0055EE46 /* ThemeBuilder.swift in Sources */,
				9C56E10B225A93E000E72428 /* ThemeSettingsView.swift in Sources */,
				9CC46BCE2215390F005E24F5 /* SignUpScene.swift in Sources */,
				9CA418EF221D8D1F00BAF215 /* CatalogPresenter.swift in Sources */,
				9C76ABAF223588D900FB39DA /* ProductType.swift in Sources */,
				9CC46C2622180B95005E24F5 /* ProfileCoordinator.swift in Sources */,
				9CC5526B220AFCC30004ACC4 /* RootBuilder.swift in Sources */,
				9CC46BB52214C3B7005E24F5 /* AuthComponent.swift in Sources */,
				9CC46B8B221405DF005E24F5 /* RootScene.swift in Sources */,
			);
			runOnlyForDeploymentPostprocessing = 0;
		};
/* End PBXSourcesBuildPhase section */

/* Begin PBXTargetDependency section */
		9C83BBEF222C2D1500CBB1FF /* PBXTargetDependency */ = {
			isa = PBXTargetDependency;
			target = 9CC5523F220AF8510004ACC4 /* eStore */;
			targetProxy = 9C83BBEE222C2D1500CBB1FF /* PBXContainerItemProxy */;
		};
/* End PBXTargetDependency section */

/* Begin XCBuildConfiguration section */
		9C83BBF0222C2D1500CBB1FF /* Debug */ = {
			isa = XCBuildConfiguration;
			baseConfigurationReference = D5EFADDB5B92B2711B865C84 /* Pods-Tests.debug.xcconfig */;
			buildSettings = {
				BUNDLE_LOADER = "$(TEST_HOST)";
				CLANG_ENABLE_MODULES = YES;
				CODE_SIGN_STYLE = Automatic;
				DEVELOPMENT_TEAM = 638H9B3B32;
				INFOPLIST_FILE = Tests/Info.plist;
				LD_RUNPATH_SEARCH_PATHS = (
					"$(inherited)",
					"@executable_path/Frameworks",
					"@loader_path/Frameworks",
				);
				PRODUCT_BUNDLE_IDENTIFIER = com.vkondrashkov.Tests;
				PRODUCT_NAME = "$(TARGET_NAME)";
				SWIFT_OPTIMIZATION_LEVEL = "-Onone";
				SWIFT_VERSION = 4.2;
				TARGETED_DEVICE_FAMILY = "1,2";
				TEST_HOST = "$(BUILT_PRODUCTS_DIR)/eStore.app/eStore";
			};
			name = Debug;
		};
		9C83BBF1222C2D1500CBB1FF /* Release */ = {
			isa = XCBuildConfiguration;
			baseConfigurationReference = 54FCAB27BD45A8EE1C80EED6 /* Pods-Tests.release.xcconfig */;
			buildSettings = {
				BUNDLE_LOADER = "$(TEST_HOST)";
				CLANG_ENABLE_MODULES = YES;
				CODE_SIGN_STYLE = Automatic;
				DEVELOPMENT_TEAM = 638H9B3B32;
				INFOPLIST_FILE = Tests/Info.plist;
				LD_RUNPATH_SEARCH_PATHS = (
					"$(inherited)",
					"@executable_path/Frameworks",
					"@loader_path/Frameworks",
				);
				PRODUCT_BUNDLE_IDENTIFIER = com.vkondrashkov.Tests;
				PRODUCT_NAME = "$(TARGET_NAME)";
				SWIFT_VERSION = 4.2;
				TARGETED_DEVICE_FAMILY = "1,2";
				TEST_HOST = "$(BUILT_PRODUCTS_DIR)/eStore.app/eStore";
			};
			name = Release;
		};
		9CC55250220AF8520004ACC4 /* Debug */ = {
			isa = XCBuildConfiguration;
			buildSettings = {
				ALWAYS_SEARCH_USER_PATHS = NO;
				CLANG_ANALYZER_NONNULL = YES;
				CLANG_ANALYZER_NUMBER_OBJECT_CONVERSION = YES_AGGRESSIVE;
				CLANG_CXX_LANGUAGE_STANDARD = "gnu++14";
				CLANG_CXX_LIBRARY = "libc++";
				CLANG_ENABLE_MODULES = YES;
				CLANG_ENABLE_OBJC_ARC = YES;
				CLANG_ENABLE_OBJC_WEAK = YES;
				CLANG_WARN_BLOCK_CAPTURE_AUTORELEASING = YES;
				CLANG_WARN_BOOL_CONVERSION = YES;
				CLANG_WARN_COMMA = YES;
				CLANG_WARN_CONSTANT_CONVERSION = YES;
				CLANG_WARN_DEPRECATED_OBJC_IMPLEMENTATIONS = YES;
				CLANG_WARN_DIRECT_OBJC_ISA_USAGE = YES_ERROR;
				CLANG_WARN_DOCUMENTATION_COMMENTS = YES;
				CLANG_WARN_EMPTY_BODY = YES;
				CLANG_WARN_ENUM_CONVERSION = YES;
				CLANG_WARN_INFINITE_RECURSION = YES;
				CLANG_WARN_INT_CONVERSION = YES;
				CLANG_WARN_NON_LITERAL_NULL_CONVERSION = YES;
				CLANG_WARN_OBJC_IMPLICIT_RETAIN_SELF = YES;
				CLANG_WARN_OBJC_LITERAL_CONVERSION = YES;
				CLANG_WARN_OBJC_ROOT_CLASS = YES_ERROR;
				CLANG_WARN_RANGE_LOOP_ANALYSIS = YES;
				CLANG_WARN_STRICT_PROTOTYPES = YES;
				CLANG_WARN_SUSPICIOUS_MOVE = YES;
				CLANG_WARN_UNGUARDED_AVAILABILITY = YES_AGGRESSIVE;
				CLANG_WARN_UNREACHABLE_CODE = YES;
				CLANG_WARN__DUPLICATE_METHOD_MATCH = YES;
				CODE_SIGN_IDENTITY = "iPhone Developer";
				COPY_PHASE_STRIP = NO;
				DEBUG_INFORMATION_FORMAT = dwarf;
				ENABLE_STRICT_OBJC_MSGSEND = YES;
				ENABLE_TESTABILITY = YES;
				GCC_C_LANGUAGE_STANDARD = gnu11;
				GCC_DYNAMIC_NO_PIC = NO;
				GCC_NO_COMMON_BLOCKS = YES;
				GCC_OPTIMIZATION_LEVEL = 0;
				GCC_PREPROCESSOR_DEFINITIONS = (
					"DEBUG=1",
					"$(inherited)",
				);
				GCC_WARN_64_TO_32_BIT_CONVERSION = YES;
				GCC_WARN_ABOUT_RETURN_TYPE = YES_ERROR;
				GCC_WARN_UNDECLARED_SELECTOR = YES;
				GCC_WARN_UNINITIALIZED_AUTOS = YES_AGGRESSIVE;
				GCC_WARN_UNUSED_FUNCTION = YES;
				GCC_WARN_UNUSED_VARIABLE = YES;
				IPHONEOS_DEPLOYMENT_TARGET = 12.1;
				MTL_ENABLE_DEBUG_INFO = INCLUDE_SOURCE;
				MTL_FAST_MATH = YES;
				ONLY_ACTIVE_ARCH = YES;
				SDKROOT = iphoneos;
				SWIFT_ACTIVE_COMPILATION_CONDITIONS = DEBUG;
				SWIFT_OPTIMIZATION_LEVEL = "-Onone";
			};
			name = Debug;
		};
		9CC55251220AF8520004ACC4 /* Release */ = {
			isa = XCBuildConfiguration;
			buildSettings = {
				ALWAYS_SEARCH_USER_PATHS = NO;
				CLANG_ANALYZER_NONNULL = YES;
				CLANG_ANALYZER_NUMBER_OBJECT_CONVERSION = YES_AGGRESSIVE;
				CLANG_CXX_LANGUAGE_STANDARD = "gnu++14";
				CLANG_CXX_LIBRARY = "libc++";
				CLANG_ENABLE_MODULES = YES;
				CLANG_ENABLE_OBJC_ARC = YES;
				CLANG_ENABLE_OBJC_WEAK = YES;
				CLANG_WARN_BLOCK_CAPTURE_AUTORELEASING = YES;
				CLANG_WARN_BOOL_CONVERSION = YES;
				CLANG_WARN_COMMA = YES;
				CLANG_WARN_CONSTANT_CONVERSION = YES;
				CLANG_WARN_DEPRECATED_OBJC_IMPLEMENTATIONS = YES;
				CLANG_WARN_DIRECT_OBJC_ISA_USAGE = YES_ERROR;
				CLANG_WARN_DOCUMENTATION_COMMENTS = YES;
				CLANG_WARN_EMPTY_BODY = YES;
				CLANG_WARN_ENUM_CONVERSION = YES;
				CLANG_WARN_INFINITE_RECURSION = YES;
				CLANG_WARN_INT_CONVERSION = YES;
				CLANG_WARN_NON_LITERAL_NULL_CONVERSION = YES;
				CLANG_WARN_OBJC_IMPLICIT_RETAIN_SELF = YES;
				CLANG_WARN_OBJC_LITERAL_CONVERSION = YES;
				CLANG_WARN_OBJC_ROOT_CLASS = YES_ERROR;
				CLANG_WARN_RANGE_LOOP_ANALYSIS = YES;
				CLANG_WARN_STRICT_PROTOTYPES = YES;
				CLANG_WARN_SUSPICIOUS_MOVE = YES;
				CLANG_WARN_UNGUARDED_AVAILABILITY = YES_AGGRESSIVE;
				CLANG_WARN_UNREACHABLE_CODE = YES;
				CLANG_WARN__DUPLICATE_METHOD_MATCH = YES;
				CODE_SIGN_IDENTITY = "iPhone Developer";
				COPY_PHASE_STRIP = NO;
				DEBUG_INFORMATION_FORMAT = "dwarf-with-dsym";
				ENABLE_NS_ASSERTIONS = NO;
				ENABLE_STRICT_OBJC_MSGSEND = YES;
				GCC_C_LANGUAGE_STANDARD = gnu11;
				GCC_NO_COMMON_BLOCKS = YES;
				GCC_WARN_64_TO_32_BIT_CONVERSION = YES;
				GCC_WARN_ABOUT_RETURN_TYPE = YES_ERROR;
				GCC_WARN_UNDECLARED_SELECTOR = YES;
				GCC_WARN_UNINITIALIZED_AUTOS = YES_AGGRESSIVE;
				GCC_WARN_UNUSED_FUNCTION = YES;
				GCC_WARN_UNUSED_VARIABLE = YES;
				IPHONEOS_DEPLOYMENT_TARGET = 12.1;
				MTL_ENABLE_DEBUG_INFO = NO;
				MTL_FAST_MATH = YES;
				SDKROOT = iphoneos;
				SWIFT_COMPILATION_MODE = wholemodule;
				SWIFT_OPTIMIZATION_LEVEL = "-O";
				VALIDATE_PRODUCT = YES;
			};
			name = Release;
		};
		9CC55253220AF8520004ACC4 /* Debug */ = {
			isa = XCBuildConfiguration;
			baseConfigurationReference = 9636105CD80314886F52C479 /* Pods-eStore.debug.xcconfig */;
			buildSettings = {
				ASSETCATALOG_COMPILER_APPICON_NAME = AppIcon;
				CLANG_ENABLE_MODULES = YES;
				CODE_SIGN_IDENTITY = "iPhone Developer";
				CODE_SIGN_STYLE = Automatic;
				DEVELOPMENT_TEAM = 638H9B3B32;
				INFOPLIST_FILE = eStore/Info.plist;
				IPHONEOS_DEPLOYMENT_TARGET = 11.0;
				LD_RUNPATH_SEARCH_PATHS = (
					"$(inherited)",
					"@executable_path/Frameworks",
				);
				PRODUCT_BUNDLE_IDENTIFIER = com.vkondrashkov.eStore;
				PRODUCT_NAME = "$(TARGET_NAME)";
				PROVISIONING_PROFILE_SPECIFIER = "";
				SWIFT_OPTIMIZATION_LEVEL = "-Onone";
				SWIFT_VERSION = 5.0;
				TARGETED_DEVICE_FAMILY = "1,2";
			};
			name = Debug;
		};
		9CC55254220AF8520004ACC4 /* Release */ = {
			isa = XCBuildConfiguration;
			baseConfigurationReference = FA60869693AB83607A90AED6 /* Pods-eStore.release.xcconfig */;
			buildSettings = {
				ASSETCATALOG_COMPILER_APPICON_NAME = AppIcon;
				CLANG_ENABLE_MODULES = YES;
				CODE_SIGN_IDENTITY = "iPhone Developer";
				CODE_SIGN_STYLE = Automatic;
				DEVELOPMENT_TEAM = 638H9B3B32;
				INFOPLIST_FILE = eStore/Info.plist;
				IPHONEOS_DEPLOYMENT_TARGET = 11.0;
				LD_RUNPATH_SEARCH_PATHS = (
					"$(inherited)",
					"@executable_path/Frameworks",
				);
				PRODUCT_BUNDLE_IDENTIFIER = com.vkondrashkov.eStore;
				PRODUCT_NAME = "$(TARGET_NAME)";
				PROVISIONING_PROFILE_SPECIFIER = "";
				SWIFT_VERSION = 5.0;
				TARGETED_DEVICE_FAMILY = "1,2";
			};
			name = Release;
		};
/* End XCBuildConfiguration section */

/* Begin XCConfigurationList section */
		9C83BBF2222C2D1500CBB1FF /* Build configuration list for PBXNativeTarget "Tests" */ = {
			isa = XCConfigurationList;
			buildConfigurations = (
				9C83BBF0222C2D1500CBB1FF /* Debug */,
				9C83BBF1222C2D1500CBB1FF /* Release */,
			);
			defaultConfigurationIsVisible = 0;
			defaultConfigurationName = Release;
		};
		9CC5523B220AF8510004ACC4 /* Build configuration list for PBXProject "eStore" */ = {
			isa = XCConfigurationList;
			buildConfigurations = (
				9CC55250220AF8520004ACC4 /* Debug */,
				9CC55251220AF8520004ACC4 /* Release */,
			);
			defaultConfigurationIsVisible = 0;
			defaultConfigurationName = Release;
		};
		9CC55252220AF8520004ACC4 /* Build configuration list for PBXNativeTarget "eStore" */ = {
			isa = XCConfigurationList;
			buildConfigurations = (
				9CC55253220AF8520004ACC4 /* Debug */,
				9CC55254220AF8520004ACC4 /* Release */,
			);
			defaultConfigurationIsVisible = 0;
			defaultConfigurationName = Release;
		};
/* End XCConfigurationList section */
	};
	rootObject = 9CC55238220AF8510004ACC4 /* Project object */;
}
