// !$*UTF8*$!
{
	archiveVersion = 1;
	classes = {
	};
	objectVersion = 50;
	objects = {

/* Begin PBXBuildFile section */
		9CC46B87221405B1005E24F5 /* RootContract.swift in Sources */ = {isa = PBXBuildFile; fileRef = 9CC46B86221405B1005E24F5 /* RootContract.swift */; };
		9CC46B89221405C6005E24F5 /* RootComponent.swift in Sources */ = {isa = PBXBuildFile; fileRef = 9CC46B88221405C6005E24F5 /* RootComponent.swift */; };
		9CC46B8B221405DF005E24F5 /* RootScene.swift in Sources */ = {isa = PBXBuildFile; fileRef = 9CC46B8A221405DF005E24F5 /* RootScene.swift */; };
		9CC46B8F22140617005E24F5 /* RootView.swift in Sources */ = {isa = PBXBuildFile; fileRef = 9CC46B8E22140617005E24F5 /* RootView.swift */; };
		9CC46B9122140623005E24F5 /* RootPresenter.swift in Sources */ = {isa = PBXBuildFile; fileRef = 9CC46B9022140623005E24F5 /* RootPresenter.swift */; };
		9CC46B9822141058005E24F5 /* DashboardContract.swift in Sources */ = {isa = PBXBuildFile; fileRef = 9CC46B9722141058005E24F5 /* DashboardContract.swift */; };
		9CC46B9A22141061005E24F5 /* DashboardComponent.swift in Sources */ = {isa = PBXBuildFile; fileRef = 9CC46B9922141061005E24F5 /* DashboardComponent.swift */; };
		9CC46B9C2214106B005E24F5 /* DashboardBuilder.swift in Sources */ = {isa = PBXBuildFile; fileRef = 9CC46B9B2214106B005E24F5 /* DashboardBuilder.swift */; };
		9CC46B9E22141072005E24F5 /* DashboardScene.swift in Sources */ = {isa = PBXBuildFile; fileRef = 9CC46B9D22141072005E24F5 /* DashboardScene.swift */; };
		9CC46BA02214107A005E24F5 /* DashboardCoordinator.swift in Sources */ = {isa = PBXBuildFile; fileRef = 9CC46B9F2214107A005E24F5 /* DashboardCoordinator.swift */; };
		9CC46BA222141088005E24F5 /* DashboardView.swift in Sources */ = {isa = PBXBuildFile; fileRef = 9CC46BA122141088005E24F5 /* DashboardView.swift */; };
		9CC46BA422141090005E24F5 /* DashboardPresenter.swift in Sources */ = {isa = PBXBuildFile; fileRef = 9CC46BA322141090005E24F5 /* DashboardPresenter.swift */; };
		9CC46BB02214719D005E24F5 /* Coordinator.swift in Sources */ = {isa = PBXBuildFile; fileRef = 9CC46BAF2214719D005E24F5 /* Coordinator.swift */; };
		9CC46BB32214C3AD005E24F5 /* AuthContract.swift in Sources */ = {isa = PBXBuildFile; fileRef = 9CC46BB22214C3AD005E24F5 /* AuthContract.swift */; };
		9CC46BB52214C3B7005E24F5 /* AuthComponent.swift in Sources */ = {isa = PBXBuildFile; fileRef = 9CC46BB42214C3B7005E24F5 /* AuthComponent.swift */; };
		9CC46BB72214C3FC005E24F5 /* AuthBuilder.swift in Sources */ = {isa = PBXBuildFile; fileRef = 9CC46BB62214C3FC005E24F5 /* AuthBuilder.swift */; };
		9CC46BB92214C409005E24F5 /* AuthScene.swift in Sources */ = {isa = PBXBuildFile; fileRef = 9CC46BB82214C409005E24F5 /* AuthScene.swift */; };
		9CC46BBB2214C412005E24F5 /* AuthCoordinator.swift in Sources */ = {isa = PBXBuildFile; fileRef = 9CC46BBA2214C412005E24F5 /* AuthCoordinator.swift */; };
		9CC46BBD2214C41B005E24F5 /* AuthView.swift in Sources */ = {isa = PBXBuildFile; fileRef = 9CC46BBC2214C41B005E24F5 /* AuthView.swift */; };
		9CC46BBF2214C425005E24F5 /* AuthPresenter.swift in Sources */ = {isa = PBXBuildFile; fileRef = 9CC46BBE2214C425005E24F5 /* AuthPresenter.swift */; };
		9CC46BC8221538F8005E24F5 /* SignUpContract.swift in Sources */ = {isa = PBXBuildFile; fileRef = 9CC46BC7221538F8005E24F5 /* SignUpContract.swift */; };
		9CC46BCC22153908005E24F5 /* SignUpBuilder.swift in Sources */ = {isa = PBXBuildFile; fileRef = 9CC46BCB22153908005E24F5 /* SignUpBuilder.swift */; };
		9CC46BCE2215390F005E24F5 /* SignUpScene.swift in Sources */ = {isa = PBXBuildFile; fileRef = 9CC46BCD2215390F005E24F5 /* SignUpScene.swift */; };
		9CC46BD022153918005E24F5 /* SignUpCoordinator.swift in Sources */ = {isa = PBXBuildFile; fileRef = 9CC46BCF22153918005E24F5 /* SignUpCoordinator.swift */; };
		9CC46BD42215392A005E24F5 /* SignUpView.swift in Sources */ = {isa = PBXBuildFile; fileRef = 9CC46BD32215392A005E24F5 /* SignUpView.swift */; };
		9CC46BD622153932005E24F5 /* SignUpPresenter.swift in Sources */ = {isa = PBXBuildFile; fileRef = 9CC46BD522153932005E24F5 /* SignUpPresenter.swift */; };
		9CC46BFF22161529005E24F5 /* SignInContract.swift in Sources */ = {isa = PBXBuildFile; fileRef = 9CC46BFE22161529005E24F5 /* SignInContract.swift */; };
		9CC46C032216153A005E24F5 /* SignInBuilder.swift in Sources */ = {isa = PBXBuildFile; fileRef = 9CC46C022216153A005E24F5 /* SignInBuilder.swift */; };
		9CC46C0522161548005E24F5 /* SignInScene.swift in Sources */ = {isa = PBXBuildFile; fileRef = 9CC46C0422161548005E24F5 /* SignInScene.swift */; };
		9CC46C0722161550005E24F5 /* SignInCoordinator.swift in Sources */ = {isa = PBXBuildFile; fileRef = 9CC46C062216154F005E24F5 /* SignInCoordinator.swift */; };
		9CC46C0922161559005E24F5 /* SignInView.swift in Sources */ = {isa = PBXBuildFile; fileRef = 9CC46C0822161559005E24F5 /* SignInView.swift */; };
		9CC46C0B22161562005E24F5 /* SignInPresenter.swift in Sources */ = {isa = PBXBuildFile; fileRef = 9CC46C0A22161562005E24F5 /* SignInPresenter.swift */; };
		9CC55244220AF8510004ACC4 /* AppDelegate.swift in Sources */ = {isa = PBXBuildFile; fileRef = 9CC55243220AF8510004ACC4 /* AppDelegate.swift */; };
		9CC5524B220AF8520004ACC4 /* Assets.xcassets in Resources */ = {isa = PBXBuildFile; fileRef = 9CC5524A220AF8520004ACC4 /* Assets.xcassets */; };
		9CC55267220AFC8C0004ACC4 /* AppComponent.swift in Sources */ = {isa = PBXBuildFile; fileRef = 9CC55266220AFC8C0004ACC4 /* AppComponent.swift */; };
		9CC55269220AFCBC0004ACC4 /* RootCoordinator.swift in Sources */ = {isa = PBXBuildFile; fileRef = 9CC55268220AFCBC0004ACC4 /* RootCoordinator.swift */; };
		9CC5526B220AFCC30004ACC4 /* RootBuilder.swift in Sources */ = {isa = PBXBuildFile; fileRef = 9CC5526A220AFCC30004ACC4 /* RootBuilder.swift */; };
/* End PBXBuildFile section */

/* Begin PBXFileReference section */
		9CC46B86221405B1005E24F5 /* RootContract.swift */ = {isa = PBXFileReference; lastKnownFileType = sourcecode.swift; path = RootContract.swift; sourceTree = "<group>"; };
		9CC46B88221405C6005E24F5 /* RootComponent.swift */ = {isa = PBXFileReference; lastKnownFileType = sourcecode.swift; path = RootComponent.swift; sourceTree = "<group>"; };
		9CC46B8A221405DF005E24F5 /* RootScene.swift */ = {isa = PBXFileReference; lastKnownFileType = sourcecode.swift; path = RootScene.swift; sourceTree = "<group>"; };
		9CC46B8E22140617005E24F5 /* RootView.swift */ = {isa = PBXFileReference; lastKnownFileType = sourcecode.swift; path = RootView.swift; sourceTree = "<group>"; };
		9CC46B9022140623005E24F5 /* RootPresenter.swift */ = {isa = PBXFileReference; lastKnownFileType = sourcecode.swift; path = RootPresenter.swift; sourceTree = "<group>"; };
		9CC46B9722141058005E24F5 /* DashboardContract.swift */ = {isa = PBXFileReference; lastKnownFileType = sourcecode.swift; path = DashboardContract.swift; sourceTree = "<group>"; };
		9CC46B9922141061005E24F5 /* DashboardComponent.swift */ = {isa = PBXFileReference; lastKnownFileType = sourcecode.swift; path = DashboardComponent.swift; sourceTree = "<group>"; };
		9CC46B9B2214106B005E24F5 /* DashboardBuilder.swift */ = {isa = PBXFileReference; lastKnownFileType = sourcecode.swift; path = DashboardBuilder.swift; sourceTree = "<group>"; };
		9CC46B9D22141072005E24F5 /* DashboardScene.swift */ = {isa = PBXFileReference; lastKnownFileType = sourcecode.swift; path = DashboardScene.swift; sourceTree = "<group>"; };
		9CC46B9F2214107A005E24F5 /* DashboardCoordinator.swift */ = {isa = PBXFileReference; lastKnownFileType = sourcecode.swift; path = DashboardCoordinator.swift; sourceTree = "<group>"; };
		9CC46BA122141088005E24F5 /* DashboardView.swift */ = {isa = PBXFileReference; lastKnownFileType = sourcecode.swift; path = DashboardView.swift; sourceTree = "<group>"; };
		9CC46BA322141090005E24F5 /* DashboardPresenter.swift */ = {isa = PBXFileReference; lastKnownFileType = sourcecode.swift; path = DashboardPresenter.swift; sourceTree = "<group>"; };
		9CC46BAF2214719D005E24F5 /* Coordinator.swift */ = {isa = PBXFileReference; fileEncoding = 4; lastKnownFileType = sourcecode.swift; path = Coordinator.swift; sourceTree = "<group>"; };
		9CC46BB22214C3AD005E24F5 /* AuthContract.swift */ = {isa = PBXFileReference; lastKnownFileType = sourcecode.swift; path = AuthContract.swift; sourceTree = "<group>"; };
		9CC46BB42214C3B7005E24F5 /* AuthComponent.swift */ = {isa = PBXFileReference; lastKnownFileType = sourcecode.swift; path = AuthComponent.swift; sourceTree = "<group>"; };
		9CC46BB62214C3FC005E24F5 /* AuthBuilder.swift */ = {isa = PBXFileReference; lastKnownFileType = sourcecode.swift; path = AuthBuilder.swift; sourceTree = "<group>"; };
		9CC46BB82214C409005E24F5 /* AuthScene.swift */ = {isa = PBXFileReference; lastKnownFileType = sourcecode.swift; path = AuthScene.swift; sourceTree = "<group>"; };
		9CC46BBA2214C412005E24F5 /* AuthCoordinator.swift */ = {isa = PBXFileReference; lastKnownFileType = sourcecode.swift; path = AuthCoordinator.swift; sourceTree = "<group>"; };
		9CC46BBC2214C41B005E24F5 /* AuthView.swift */ = {isa = PBXFileReference; lastKnownFileType = sourcecode.swift; path = AuthView.swift; sourceTree = "<group>"; };
		9CC46BBE2214C425005E24F5 /* AuthPresenter.swift */ = {isa = PBXFileReference; lastKnownFileType = sourcecode.swift; path = AuthPresenter.swift; sourceTree = "<group>"; };
		9CC46BC7221538F8005E24F5 /* SignUpContract.swift */ = {isa = PBXFileReference; lastKnownFileType = sourcecode.swift; path = SignUpContract.swift; sourceTree = "<group>"; };
		9CC46BCB22153908005E24F5 /* SignUpBuilder.swift */ = {isa = PBXFileReference; lastKnownFileType = sourcecode.swift; path = SignUpBuilder.swift; sourceTree = "<group>"; };
		9CC46BCD2215390F005E24F5 /* SignUpScene.swift */ = {isa = PBXFileReference; lastKnownFileType = sourcecode.swift; path = SignUpScene.swift; sourceTree = "<group>"; };
		9CC46BCF22153918005E24F5 /* SignUpCoordinator.swift */ = {isa = PBXFileReference; lastKnownFileType = sourcecode.swift; path = SignUpCoordinator.swift; sourceTree = "<group>"; };
		9CC46BD32215392A005E24F5 /* SignUpView.swift */ = {isa = PBXFileReference; lastKnownFileType = sourcecode.swift; path = SignUpView.swift; sourceTree = "<group>"; };
		9CC46BD522153932005E24F5 /* SignUpPresenter.swift */ = {isa = PBXFileReference; lastKnownFileType = sourcecode.swift; path = SignUpPresenter.swift; sourceTree = "<group>"; };
		9CC46BFE22161529005E24F5 /* SignInContract.swift */ = {isa = PBXFileReference; lastKnownFileType = sourcecode.swift; path = SignInContract.swift; sourceTree = "<group>"; };
		9CC46C022216153A005E24F5 /* SignInBuilder.swift */ = {isa = PBXFileReference; lastKnownFileType = sourcecode.swift; path = SignInBuilder.swift; sourceTree = "<group>"; };
		9CC46C0422161548005E24F5 /* SignInScene.swift */ = {isa = PBXFileReference; lastKnownFileType = sourcecode.swift; path = SignInScene.swift; sourceTree = "<group>"; };
		9CC46C062216154F005E24F5 /* SignInCoordinator.swift */ = {isa = PBXFileReference; lastKnownFileType = sourcecode.swift; path = SignInCoordinator.swift; sourceTree = "<group>"; };
		9CC46C0822161559005E24F5 /* SignInView.swift */ = {isa = PBXFileReference; lastKnownFileType = sourcecode.swift; path = SignInView.swift; sourceTree = "<group>"; };
		9CC46C0A22161562005E24F5 /* SignInPresenter.swift */ = {isa = PBXFileReference; lastKnownFileType = sourcecode.swift; path = SignInPresenter.swift; sourceTree = "<group>"; };
		9CC55240220AF8510004ACC4 /* uTable.app */ = {isa = PBXFileReference; explicitFileType = wrapper.application; includeInIndex = 0; path = uTable.app; sourceTree = BUILT_PRODUCTS_DIR; };
		9CC55243220AF8510004ACC4 /* AppDelegate.swift */ = {isa = PBXFileReference; lastKnownFileType = sourcecode.swift; path = AppDelegate.swift; sourceTree = "<group>"; };
		9CC5524A220AF8520004ACC4 /* Assets.xcassets */ = {isa = PBXFileReference; lastKnownFileType = folder.assetcatalog; path = Assets.xcassets; sourceTree = "<group>"; };
		9CC5524F220AF8520004ACC4 /* Info.plist */ = {isa = PBXFileReference; lastKnownFileType = text.plist.xml; path = Info.plist; sourceTree = "<group>"; };
		9CC55266220AFC8C0004ACC4 /* AppComponent.swift */ = {isa = PBXFileReference; lastKnownFileType = sourcecode.swift; path = AppComponent.swift; sourceTree = "<group>"; };
		9CC55268220AFCBC0004ACC4 /* RootCoordinator.swift */ = {isa = PBXFileReference; lastKnownFileType = sourcecode.swift; path = RootCoordinator.swift; sourceTree = "<group>"; };
		9CC5526A220AFCC30004ACC4 /* RootBuilder.swift */ = {isa = PBXFileReference; lastKnownFileType = sourcecode.swift; path = RootBuilder.swift; sourceTree = "<group>"; };
/* End PBXFileReference section */

/* Begin PBXFrameworksBuildPhase section */
		9CC5523D220AF8510004ACC4 /* Frameworks */ = {
			isa = PBXFrameworksBuildPhase;
			buildActionMask = 2147483647;
			files = (
			);
			runOnlyForDeploymentPostprocessing = 0;
		};
/* End PBXFrameworksBuildPhase section */

/* Begin PBXGroup section */
		9CC46BAE2214719D005E24F5 /* Module */ = {
			isa = PBXGroup;
			children = (
				9CC46BAF2214719D005E24F5 /* Coordinator.swift */,
			);
			path = Module;
			sourceTree = "<group>";
		};
		9CC46BB12214C393005E24F5 /* Auth */ = {
			isa = PBXGroup;
			children = (
				9CC46BB22214C3AD005E24F5 /* AuthContract.swift */,
				9CC46BB42214C3B7005E24F5 /* AuthComponent.swift */,
				9CC46BB62214C3FC005E24F5 /* AuthBuilder.swift */,
				9CC46BB82214C409005E24F5 /* AuthScene.swift */,
				9CC46BBA2214C412005E24F5 /* AuthCoordinator.swift */,
				9CC46BBC2214C41B005E24F5 /* AuthView.swift */,
				9CC46BBE2214C425005E24F5 /* AuthPresenter.swift */,
			);
			path = Auth;
			sourceTree = "<group>";
		};
		9CC46BC02215387B005E24F5 /* SignUp */ = {
			isa = PBXGroup;
			children = (
				9CC46BC7221538F8005E24F5 /* SignUpContract.swift */,
				9CC46BCB22153908005E24F5 /* SignUpBuilder.swift */,
				9CC46BCD2215390F005E24F5 /* SignUpScene.swift */,
				9CC46BCF22153918005E24F5 /* SignUpCoordinator.swift */,
				9CC46BD32215392A005E24F5 /* SignUpView.swift */,
				9CC46BD522153932005E24F5 /* SignUpPresenter.swift */,
			);
			path = SignUp;
			sourceTree = "<group>";
		};
		9CC46BFD221614CD005E24F5 /* SignIn */ = {
			isa = PBXGroup;
			children = (
				9CC46BFE22161529005E24F5 /* SignInContract.swift */,
				9CC46C022216153A005E24F5 /* SignInBuilder.swift */,
				9CC46C0422161548005E24F5 /* SignInScene.swift */,
				9CC46C062216154F005E24F5 /* SignInCoordinator.swift */,
				9CC46C0822161559005E24F5 /* SignInView.swift */,
				9CC46C0A22161562005E24F5 /* SignInPresenter.swift */,
			);
			path = SignIn;
			sourceTree = "<group>";
		};
		9CC55237220AF8510004ACC4 = {
			isa = PBXGroup;
			children = (
				9CC55242220AF8510004ACC4 /* uTable */,
				9CC55241220AF8510004ACC4 /* Products */,
			);
			sourceTree = "<group>";
		};
		9CC55241220AF8510004ACC4 /* Products */ = {
			isa = PBXGroup;
			children = (
				9CC55240220AF8510004ACC4 /* uTable.app */,
			);
			name = Products;
			sourceTree = "<group>";
		};
		9CC55242220AF8510004ACC4 /* uTable */ = {
			isa = PBXGroup;
			children = (
				9CC55255220AF89E0004ACC4 /* Application */,
				9CC55257220AF8CA0004ACC4 /* Core */,
				9CC55256220AF8B50004ACC4 /* Scenes */,
				9CC5524A220AF8520004ACC4 /* Assets.xcassets */,
				9CC5524F220AF8520004ACC4 /* Info.plist */,
			);
			path = uTable;
			sourceTree = "<group>";
		};
		9CC55255220AF89E0004ACC4 /* Application */ = {
			isa = PBXGroup;
			children = (
				9CC55243220AF8510004ACC4 /* AppDelegate.swift */,
				9CC55266220AFC8C0004ACC4 /* AppComponent.swift */,
			);
			path = Application;
			sourceTree = "<group>";
		};
		9CC55256220AF8B50004ACC4 /* Scenes */ = {
			isa = PBXGroup;
			children = (
				9CC46BFD221614CD005E24F5 /* SignIn */,
				9CC46BC02215387B005E24F5 /* SignUp */,
				9CC46BB12214C393005E24F5 /* Auth */,
				9CC5525B220AFB810004ACC4 /* Dashboard */,
				9CC5525D220AFBB00004ACC4 /* Profile */,
				9CC5525A220AFB730004ACC4 /* Root */,
			);
			path = Scenes;
			sourceTree = "<group>";
		};
		9CC55257220AF8CA0004ACC4 /* Core */ = {
			isa = PBXGroup;
			children = (
				9CC46BAE2214719D005E24F5 /* Module */,
				9CC55259220AF93A0004ACC4 /* Services */,
			);
			path = Core;
			sourceTree = "<group>";
		};
		9CC55259220AF93A0004ACC4 /* Services */ = {
			isa = PBXGroup;
			children = (
			);
			path = Services;
			sourceTree = "<group>";
		};
		9CC5525A220AFB730004ACC4 /* Root */ = {
			isa = PBXGroup;
			children = (
				9CC46B86221405B1005E24F5 /* RootContract.swift */,
				9CC46B88221405C6005E24F5 /* RootComponent.swift */,
				9CC5526A220AFCC30004ACC4 /* RootBuilder.swift */,
				9CC46B8A221405DF005E24F5 /* RootScene.swift */,
				9CC55268220AFCBC0004ACC4 /* RootCoordinator.swift */,
				9CC46B8E22140617005E24F5 /* RootView.swift */,
				9CC46B9022140623005E24F5 /* RootPresenter.swift */,
			);
			path = Root;
			sourceTree = "<group>";
		};
		9CC5525B220AFB810004ACC4 /* Dashboard */ = {
			isa = PBXGroup;
			children = (
				9CC46B9722141058005E24F5 /* DashboardContract.swift */,
				9CC46B9922141061005E24F5 /* DashboardComponent.swift */,
				9CC46B9B2214106B005E24F5 /* DashboardBuilder.swift */,
				9CC46B9D22141072005E24F5 /* DashboardScene.swift */,
				9CC46B9F2214107A005E24F5 /* DashboardCoordinator.swift */,
				9CC46BA122141088005E24F5 /* DashboardView.swift */,
				9CC46BA322141090005E24F5 /* DashboardPresenter.swift */,
			);
			path = Dashboard;
			sourceTree = "<group>";
		};
		9CC5525D220AFBB00004ACC4 /* Profile */ = {
			isa = PBXGroup;
			children = (
			);
			path = Profile;
			sourceTree = "<group>";
		};
/* End PBXGroup section */

/* Begin PBXNativeTarget section */
		9CC5523F220AF8510004ACC4 /* uTable */ = {
			isa = PBXNativeTarget;
			buildConfigurationList = 9CC55252220AF8520004ACC4 /* Build configuration list for PBXNativeTarget "uTable" */;
			buildPhases = (
				9CC5523C220AF8510004ACC4 /* Sources */,
				9CC5523D220AF8510004ACC4 /* Frameworks */,
				9CC5523E220AF8510004ACC4 /* Resources */,
			);
			buildRules = (
			);
			dependencies = (
			);
			name = uTable;
			productName = uTable;
			productReference = 9CC55240220AF8510004ACC4 /* uTable.app */;
			productType = "com.apple.product-type.application";
		};
/* End PBXNativeTarget section */

/* Begin PBXProject section */
		9CC55238220AF8510004ACC4 /* Project object */ = {
			isa = PBXProject;
			attributes = {
				LastSwiftUpdateCheck = 1010;
				LastUpgradeCheck = 1010;
				ORGANIZATIONNAME = "Vladislav Kondrashkov";
				TargetAttributes = {
					9CC5523F220AF8510004ACC4 = {
						CreatedOnToolsVersion = 10.1;
					};
				};
			};
			buildConfigurationList = 9CC5523B220AF8510004ACC4 /* Build configuration list for PBXProject "uTable" */;
			compatibilityVersion = "Xcode 9.3";
			developmentRegion = en;
			hasScannedForEncodings = 0;
			knownRegions = (
				en,
				Base,
			);
			mainGroup = 9CC55237220AF8510004ACC4;
			productRefGroup = 9CC55241220AF8510004ACC4 /* Products */;
			projectDirPath = "";
			projectRoot = "";
			targets = (
				9CC5523F220AF8510004ACC4 /* uTable */,
			);
		};
/* End PBXProject section */

/* Begin PBXResourcesBuildPhase section */
		9CC5523E220AF8510004ACC4 /* Resources */ = {
			isa = PBXResourcesBuildPhase;
			buildActionMask = 2147483647;
			files = (
				9CC5524B220AF8520004ACC4 /* Assets.xcassets in Resources */,
			);
			runOnlyForDeploymentPostprocessing = 0;
		};
/* End PBXResourcesBuildPhase section */

/* Begin PBXSourcesBuildPhase section */
		9CC5523C220AF8510004ACC4 /* Sources */ = {
			isa = PBXSourcesBuildPhase;
			buildActionMask = 2147483647;
			files = (
				9CC46B87221405B1005E24F5 /* RootContract.swift in Sources */,
				9CC46BD622153932005E24F5 /* SignUpPresenter.swift in Sources */,
				9CC46BB72214C3FC005E24F5 /* AuthBuilder.swift in Sources */,
				9CC46BD022153918005E24F5 /* SignUpCoordinator.swift in Sources */,
				9CC46BA222141088005E24F5 /* DashboardView.swift in Sources */,
				9CC46BA422141090005E24F5 /* DashboardPresenter.swift in Sources */,
				9CC46C0B22161562005E24F5 /* SignInPresenter.swift in Sources */,
				9CC46BB32214C3AD005E24F5 /* AuthContract.swift in Sources */,
				9CC46BA02214107A005E24F5 /* DashboardCoordinator.swift in Sources */,
				9CC46BBD2214C41B005E24F5 /* AuthView.swift in Sources */,
				9CC46BBB2214C412005E24F5 /* AuthCoordinator.swift in Sources */,
				9CC46B9E22141072005E24F5 /* DashboardScene.swift in Sources */,
				9CC55244220AF8510004ACC4 /* AppDelegate.swift in Sources */,
				9CC46B9A22141061005E24F5 /* DashboardComponent.swift in Sources */,
				9CC46BB92214C409005E24F5 /* AuthScene.swift in Sources */,
				9CC46BC8221538F8005E24F5 /* SignUpContract.swift in Sources */,
				9CC46B89221405C6005E24F5 /* RootComponent.swift in Sources */,
				9CC46C0922161559005E24F5 /* SignInView.swift in Sources */,
				9CC46B9822141058005E24F5 /* DashboardContract.swift in Sources */,
				9CC46BD42215392A005E24F5 /* SignUpView.swift in Sources */,
				9CC46B9C2214106B005E24F5 /* DashboardBuilder.swift in Sources */,
				9CC46C0522161548005E24F5 /* SignInScene.swift in Sources */,
				9CC46BB02214719D005E24F5 /* Coordinator.swift in Sources */,
				9CC46BBF2214C425005E24F5 /* AuthPresenter.swift in Sources */,
				9CC46C0722161550005E24F5 /* SignInCoordinator.swift in Sources */,
				9CC46BFF22161529005E24F5 /* SignInContract.swift in Sources */,
				9CC46B8F22140617005E24F5 /* RootView.swift in Sources */,
				9CC55267220AFC8C0004ACC4 /* AppComponent.swift in Sources */,
				9CC46C032216153A005E24F5 /* SignInBuilder.swift in Sources */,
				9CC46BCC22153908005E24F5 /* SignUpBuilder.swift in Sources */,
				9CC46B9122140623005E24F5 /* RootPresenter.swift in Sources */,
				9CC55269220AFCBC0004ACC4 /* RootCoordinator.swift in Sources */,
				9CC46BCE2215390F005E24F5 /* SignUpScene.swift in Sources */,
				9CC5526B220AFCC30004ACC4 /* RootBuilder.swift in Sources */,
				9CC46BB52214C3B7005E24F5 /* AuthComponent.swift in Sources */,
				9CC46B8B221405DF005E24F5 /* RootScene.swift in Sources */,
			);
			runOnlyForDeploymentPostprocessing = 0;
		};
/* End PBXSourcesBuildPhase section */

/* Begin XCBuildConfiguration section */
		9CC55250220AF8520004ACC4 /* Debug */ = {
			isa = XCBuildConfiguration;
			buildSettings = {
				ALWAYS_SEARCH_USER_PATHS = NO;
				CLANG_ANALYZER_NONNULL = YES;
				CLANG_ANALYZER_NUMBER_OBJECT_CONVERSION = YES_AGGRESSIVE;
				CLANG_CXX_LANGUAGE_STANDARD = "gnu++14";
				CLANG_CXX_LIBRARY = "libc++";
				CLANG_ENABLE_MODULES = YES;
				CLANG_ENABLE_OBJC_ARC = YES;
				CLANG_ENABLE_OBJC_WEAK = YES;
				CLANG_WARN_BLOCK_CAPTURE_AUTORELEASING = YES;
				CLANG_WARN_BOOL_CONVERSION = YES;
				CLANG_WARN_COMMA = YES;
				CLANG_WARN_CONSTANT_CONVERSION = YES;
				CLANG_WARN_DEPRECATED_OBJC_IMPLEMENTATIONS = YES;
				CLANG_WARN_DIRECT_OBJC_ISA_USAGE = YES_ERROR;
				CLANG_WARN_DOCUMENTATION_COMMENTS = YES;
				CLANG_WARN_EMPTY_BODY = YES;
				CLANG_WARN_ENUM_CONVERSION = YES;
				CLANG_WARN_INFINITE_RECURSION = YES;
				CLANG_WARN_INT_CONVERSION = YES;
				CLANG_WARN_NON_LITERAL_NULL_CONVERSION = YES;
				CLANG_WARN_OBJC_IMPLICIT_RETAIN_SELF = YES;
				CLANG_WARN_OBJC_LITERAL_CONVERSION = YES;
				CLANG_WARN_OBJC_ROOT_CLASS = YES_ERROR;
				CLANG_WARN_RANGE_LOOP_ANALYSIS = YES;
				CLANG_WARN_STRICT_PROTOTYPES = YES;
				CLANG_WARN_SUSPICIOUS_MOVE = YES;
				CLANG_WARN_UNGUARDED_AVAILABILITY = YES_AGGRESSIVE;
				CLANG_WARN_UNREACHABLE_CODE = YES;
				CLANG_WARN__DUPLICATE_METHOD_MATCH = YES;
				CODE_SIGN_IDENTITY = "iPhone Developer";
				COPY_PHASE_STRIP = NO;
				DEBUG_INFORMATION_FORMAT = dwarf;
				ENABLE_STRICT_OBJC_MSGSEND = YES;
				ENABLE_TESTABILITY = YES;
				GCC_C_LANGUAGE_STANDARD = gnu11;
				GCC_DYNAMIC_NO_PIC = NO;
				GCC_NO_COMMON_BLOCKS = YES;
				GCC_OPTIMIZATION_LEVEL = 0;
				GCC_PREPROCESSOR_DEFINITIONS = (
					"DEBUG=1",
					"$(inherited)",
				);
				GCC_WARN_64_TO_32_BIT_CONVERSION = YES;
				GCC_WARN_ABOUT_RETURN_TYPE = YES_ERROR;
				GCC_WARN_UNDECLARED_SELECTOR = YES;
				GCC_WARN_UNINITIALIZED_AUTOS = YES_AGGRESSIVE;
				GCC_WARN_UNUSED_FUNCTION = YES;
				GCC_WARN_UNUSED_VARIABLE = YES;
				IPHONEOS_DEPLOYMENT_TARGET = 12.1;
				MTL_ENABLE_DEBUG_INFO = INCLUDE_SOURCE;
				MTL_FAST_MATH = YES;
				ONLY_ACTIVE_ARCH = YES;
				SDKROOT = iphoneos;
				SWIFT_ACTIVE_COMPILATION_CONDITIONS = DEBUG;
				SWIFT_OPTIMIZATION_LEVEL = "-Onone";
			};
			name = Debug;
		};
		9CC55251220AF8520004ACC4 /* Release */ = {
			isa = XCBuildConfiguration;
			buildSettings = {
				ALWAYS_SEARCH_USER_PATHS = NO;
				CLANG_ANALYZER_NONNULL = YES;
				CLANG_ANALYZER_NUMBER_OBJECT_CONVERSION = YES_AGGRESSIVE;
				CLANG_CXX_LANGUAGE_STANDARD = "gnu++14";
				CLANG_CXX_LIBRARY = "libc++";
				CLANG_ENABLE_MODULES = YES;
				CLANG_ENABLE_OBJC_ARC = YES;
				CLANG_ENABLE_OBJC_WEAK = YES;
				CLANG_WARN_BLOCK_CAPTURE_AUTORELEASING = YES;
				CLANG_WARN_BOOL_CONVERSION = YES;
				CLANG_WARN_COMMA = YES;
				CLANG_WARN_CONSTANT_CONVERSION = YES;
				CLANG_WARN_DEPRECATED_OBJC_IMPLEMENTATIONS = YES;
				CLANG_WARN_DIRECT_OBJC_ISA_USAGE = YES_ERROR;
				CLANG_WARN_DOCUMENTATION_COMMENTS = YES;
				CLANG_WARN_EMPTY_BODY = YES;
				CLANG_WARN_ENUM_CONVERSION = YES;
				CLANG_WARN_INFINITE_RECURSION = YES;
				CLANG_WARN_INT_CONVERSION = YES;
				CLANG_WARN_NON_LITERAL_NULL_CONVERSION = YES;
				CLANG_WARN_OBJC_IMPLICIT_RETAIN_SELF = YES;
				CLANG_WARN_OBJC_LITERAL_CONVERSION = YES;
				CLANG_WARN_OBJC_ROOT_CLASS = YES_ERROR;
				CLANG_WARN_RANGE_LOOP_ANALYSIS = YES;
				CLANG_WARN_STRICT_PROTOTYPES = YES;
				CLANG_WARN_SUSPICIOUS_MOVE = YES;
				CLANG_WARN_UNGUARDED_AVAILABILITY = YES_AGGRESSIVE;
				CLANG_WARN_UNREACHABLE_CODE = YES;
				CLANG_WARN__DUPLICATE_METHOD_MATCH = YES;
				CODE_SIGN_IDENTITY = "iPhone Developer";
				COPY_PHASE_STRIP = NO;
				DEBUG_INFORMATION_FORMAT = "dwarf-with-dsym";
				ENABLE_NS_ASSERTIONS = NO;
				ENABLE_STRICT_OBJC_MSGSEND = YES;
				GCC_C_LANGUAGE_STANDARD = gnu11;
				GCC_NO_COMMON_BLOCKS = YES;
				GCC_WARN_64_TO_32_BIT_CONVERSION = YES;
				GCC_WARN_ABOUT_RETURN_TYPE = YES_ERROR;
				GCC_WARN_UNDECLARED_SELECTOR = YES;
				GCC_WARN_UNINITIALIZED_AUTOS = YES_AGGRESSIVE;
				GCC_WARN_UNUSED_FUNCTION = YES;
				GCC_WARN_UNUSED_VARIABLE = YES;
				IPHONEOS_DEPLOYMENT_TARGET = 12.1;
				MTL_ENABLE_DEBUG_INFO = NO;
				MTL_FAST_MATH = YES;
				SDKROOT = iphoneos;
				SWIFT_COMPILATION_MODE = wholemodule;
				SWIFT_OPTIMIZATION_LEVEL = "-O";
				VALIDATE_PRODUCT = YES;
			};
			name = Release;
		};
		9CC55253220AF8520004ACC4 /* Debug */ = {
			isa = XCBuildConfiguration;
			buildSettings = {
				ASSETCATALOG_COMPILER_APPICON_NAME = AppIcon;
				CODE_SIGN_STYLE = Automatic;
				DEVELOPMENT_TEAM = CCVQJZF8JS;
				INFOPLIST_FILE = uTable/Info.plist;
				LD_RUNPATH_SEARCH_PATHS = (
					"$(inherited)",
					"@executable_path/Frameworks",
				);
				PRODUCT_BUNDLE_IDENTIFIER = com.declipz.uTable;
				PRODUCT_NAME = "$(TARGET_NAME)";
				SWIFT_VERSION = 4.2;
				TARGETED_DEVICE_FAMILY = "1,2";
			};
			name = Debug;
		};
		9CC55254220AF8520004ACC4 /* Release */ = {
			isa = XCBuildConfiguration;
			buildSettings = {
				ASSETCATALOG_COMPILER_APPICON_NAME = AppIcon;
				CODE_SIGN_STYLE = Automatic;
				DEVELOPMENT_TEAM = CCVQJZF8JS;
				INFOPLIST_FILE = uTable/Info.plist;
				LD_RUNPATH_SEARCH_PATHS = (
					"$(inherited)",
					"@executable_path/Frameworks",
				);
				PRODUCT_BUNDLE_IDENTIFIER = com.declipz.uTable;
				PRODUCT_NAME = "$(TARGET_NAME)";
				SWIFT_VERSION = 4.2;
				TARGETED_DEVICE_FAMILY = "1,2";
			};
			name = Release;
		};
/* End XCBuildConfiguration section */

/* Begin XCConfigurationList section */
		9CC5523B220AF8510004ACC4 /* Build configuration list for PBXProject "uTable" */ = {
			isa = XCConfigurationList;
			buildConfigurations = (
				9CC55250220AF8520004ACC4 /* Debug */,
				9CC55251220AF8520004ACC4 /* Release */,
			);
			defaultConfigurationIsVisible = 0;
			defaultConfigurationName = Release;
		};
		9CC55252220AF8520004ACC4 /* Build configuration list for PBXNativeTarget "uTable" */ = {
			isa = XCConfigurationList;
			buildConfigurations = (
				9CC55253220AF8520004ACC4 /* Debug */,
				9CC55254220AF8520004ACC4 /* Release */,
			);
			defaultConfigurationIsVisible = 0;
			defaultConfigurationName = Release;
		};
/* End XCConfigurationList section */
	};
	rootObject = 9CC55238220AF8510004ACC4 /* Project object */;
}
